// !$*UTF8*$!
{
	archiveVersion = 1;
	classes = {
	};
	objectVersion = 56;
	objects = {

/* Begin PBXBuildFile section */
		0B26A5A461FDFFEF2A72E837 /* Pods_QuickPersonalFinance.framework in Frameworks */ = {isa = PBXBuildFile; fileRef = 2D2650F5769E9DEE36D6C74F /* Pods_QuickPersonalFinance.framework */; };
		13B72F46F5D7123DB474FB02 /* Pods_QuickPersonalFinance_QuickPersonalFinanceUITests.framework in Frameworks */ = {isa = PBXBuildFile; fileRef = 3D6E5EB2340ACB6A3F307F4E /* Pods_QuickPersonalFinance_QuickPersonalFinanceUITests.framework */; };
		1403933129C9DF1600049CCB /* OutlinedTextFieldStyle.swift in Sources */ = {isa = PBXBuildFile; fileRef = 1403933029C9DF1600049CCB /* OutlinedTextFieldStyle.swift */; };
		1403933429CA034F00049CCB /* ValidationProtocol.swift in Sources */ = {isa = PBXBuildFile; fileRef = 1403933329CA034F00049CCB /* ValidationProtocol.swift */; };
		140987902A18225000461A4B /* ConvertedEstimateView.swift in Sources */ = {isa = PBXBuildFile; fileRef = 1409878F2A18225000461A4B /* ConvertedEstimateView.swift */; };
		140987922A1824B400461A4B /* ConvertedEstimateViewModel.swift in Sources */ = {isa = PBXBuildFile; fileRef = 140987912A1824B400461A4B /* ConvertedEstimateViewModel.swift */; };
		14153FD529E8516E00C90D13 /* ScreenTitle.swift in Sources */ = {isa = PBXBuildFile; fileRef = 14153FD429E8516E00C90D13 /* ScreenTitle.swift */; };
		141A5B1B29DF1025003DB4A2 /* CustomTextField.swift in Sources */ = {isa = PBXBuildFile; fileRef = 141A5B1A29DF1025003DB4A2 /* CustomTextField.swift */; };
		142BA18729ECE25A005F4610 /* QuickPersonalFinance.xcdatamodeld in Sources */ = {isa = PBXBuildFile; fileRef = 142BA18529ECE25A005F4610 /* QuickPersonalFinance.xcdatamodeld */; };
		1439A0DB29E4376A00197112 /* EstimateViewModel.swift in Sources */ = {isa = PBXBuildFile; fileRef = 1439A0DA29E4376A00197112 /* EstimateViewModel.swift */; };
		1439A0DD29E460E200197112 /* Double+Currency.swift in Sources */ = {isa = PBXBuildFile; fileRef = 1439A0DC29E460E200197112 /* Double+Currency.swift */; };
		14428B0129F0333B00BC0246 /* PersistenceService.swift in Sources */ = {isa = PBXBuildFile; fileRef = 14428B0029F0333B00BC0246 /* PersistenceService.swift */; };
		14428B0529F047A300BC0246 /* IncomePersistence.swift in Sources */ = {isa = PBXBuildFile; fileRef = 14428B0429F047A300BC0246 /* IncomePersistence.swift */; };
		144C6C3A2A27A6EA00A15D8C /* SnapshotHelper.swift in Sources */ = {isa = PBXBuildFile; fileRef = 144C6C392A27A6E900A15D8C /* SnapshotHelper.swift */; };
		144DB7B529EED77F00DF3585 /* IncomesViewModel.swift in Sources */ = {isa = PBXBuildFile; fileRef = 144DB7B429EED77F00DF3585 /* IncomesViewModel.swift */; };
		144DB7B729EEDBE100DF3585 /* ExpensesViewModel.swift in Sources */ = {isa = PBXBuildFile; fileRef = 144DB7B629EEDBE100DF3585 /* ExpensesViewModel.swift */; };
		144DB7BA29EEFEEB00DF3585 /* Array+Difference.swift in Sources */ = {isa = PBXBuildFile; fileRef = 144DB7B929EEFEEB00DF3585 /* Array+Difference.swift */; };
		144E490D2A0A9FF7008BAA5E /* GoogleService-Info.plist in Resources */ = {isa = PBXBuildFile; fileRef = 144E490C2A0A9FF7008BAA5E /* GoogleService-Info.plist */; };
		144E49142A0AA601008BAA5E /* AppDelegate.swift in Sources */ = {isa = PBXBuildFile; fileRef = 144E49132A0AA601008BAA5E /* AppDelegate.swift */; };
		144E4E5829F421A400EEDC9B /* Launch Screen.storyboard in Resources */ = {isa = PBXBuildFile; fileRef = 144E4E5729F421A400EEDC9B /* Launch Screen.storyboard */; };
		144E4E5C29F4693A00EEDC9B /* Localizable.strings in Resources */ = {isa = PBXBuildFile; fileRef = 144E4E5E29F4693A00EEDC9B /* Localizable.strings */; };
		144E4E6029F472C200EEDC9B /* String+Localization.swift in Sources */ = {isa = PBXBuildFile; fileRef = 144E4E5F29F472C200EEDC9B /* String+Localization.swift */; };
		1453E7EC29F6BD8B0000663B /* MockData+Persistence.swift in Sources */ = {isa = PBXBuildFile; fileRef = 1453E7EB29F6BD8B0000663B /* MockData+Persistence.swift */; };
		145F124C29FAA4EB009853A8 /* SettingsActionView.swift in Sources */ = {isa = PBXBuildFile; fileRef = 145F124B29FAA4EB009853A8 /* SettingsActionView.swift */; };
		145F124E29FAA505009853A8 /* SettingsActionViewModel.swift in Sources */ = {isa = PBXBuildFile; fileRef = 145F124D29FAA505009853A8 /* SettingsActionViewModel.swift */; };
		145F125029FAA63C009853A8 /* SettingsService.swift in Sources */ = {isa = PBXBuildFile; fileRef = 145F124F29FAA63C009853A8 /* SettingsService.swift */; };
		1468A1EC29ED86A6002E92B7 /* DataController.swift in Sources */ = {isa = PBXBuildFile; fileRef = 1468A1EB29ED86A6002E92B7 /* DataController.swift */; };
		1468A1EE29ED8C70002E92B7 /* Model+Persistence.swift in Sources */ = {isa = PBXBuildFile; fileRef = 1468A1ED29ED8C70002E92B7 /* Model+Persistence.swift */; };
		146F6A5129E0E7CA0087F514 /* ExpenseActionViewModel.swift in Sources */ = {isa = PBXBuildFile; fileRef = 146F6A5029E0E7CA0087F514 /* ExpenseActionViewModel.swift */; };
		146F6A5329E0F6DE0087F514 /* Validations.swift in Sources */ = {isa = PBXBuildFile; fileRef = 146F6A5229E0F6DE0087F514 /* Validations.swift */; };
		14783A0929E8350100BBE10F /* CTAButton.swift in Sources */ = {isa = PBXBuildFile; fileRef = 14783A0829E8350100BBE10F /* CTAButton.swift */; };
		147E8E4E2A27EDED001CBBF3 /* Localizable.strings in Resources */ = {isa = PBXBuildFile; fileRef = 144E4E5E29F4693A00EEDC9B /* Localizable.strings */; };
		148745242A4C5FA500CC91DB /* CalculationService+Currency.swift in Sources */ = {isa = PBXBuildFile; fileRef = 148745232A4C5FA500CC91DB /* CalculationService+Currency.swift */; };
		148D915A2A38C4CF005E6F38 /* example.json in Resources */ = {isa = PBXBuildFile; fileRef = 148D91592A38C4CF005E6F38 /* example.json */; };
		148D915D2A38C55F005E6F38 /* MockingHelper.swift in Sources */ = {isa = PBXBuildFile; fileRef = 148D915C2A38C55F005E6F38 /* MockingHelper.swift */; };
		1491DE5B2A5216D60020D172 /* UserDataService.swift in Sources */ = {isa = PBXBuildFile; fileRef = 1491DE5A2A5216D60020D172 /* UserDataService.swift */; };
		1491DE5D2A52FFD40020D172 /* CurrencyConversionController.swift in Sources */ = {isa = PBXBuildFile; fileRef = 1491DE5C2A52FFD40020D172 /* CurrencyConversionController.swift */; };
		1491DE5F2A5301030020D172 /* CurrencyRefresh.swift in Sources */ = {isa = PBXBuildFile; fileRef = 1491DE5E2A5301030020D172 /* CurrencyRefresh.swift */; };
		149ABEC129BA282B0088CE94 /* QuickPersonalFinanceApp.swift in Sources */ = {isa = PBXBuildFile; fileRef = 149ABEC029BA282B0088CE94 /* QuickPersonalFinanceApp.swift */; };
		149ABEC329BA282B0088CE94 /* ContentView.swift in Sources */ = {isa = PBXBuildFile; fileRef = 149ABEC229BA282B0088CE94 /* ContentView.swift */; };
		149ABEC529BA28310088CE94 /* Assets.xcassets in Resources */ = {isa = PBXBuildFile; fileRef = 149ABEC429BA28310088CE94 /* Assets.xcassets */; };
		149ABEC829BA28310088CE94 /* Preview Assets.xcassets in Resources */ = {isa = PBXBuildFile; fileRef = 149ABEC729BA28310088CE94 /* Preview Assets.xcassets */; };
		149ABED229BA28310088CE94 /* QuickPersonalFinanceTests.swift in Sources */ = {isa = PBXBuildFile; fileRef = 149ABED129BA28310088CE94 /* QuickPersonalFinanceTests.swift */; };
		149ABEDC29BA28320088CE94 /* QuickPersonalFinanceUITests.swift in Sources */ = {isa = PBXBuildFile; fileRef = 149ABEDB29BA28320088CE94 /* QuickPersonalFinanceUITests.swift */; };
		149ABEDE29BA28320088CE94 /* QuickPersonalFinanceUITestsLaunchTests.swift in Sources */ = {isa = PBXBuildFile; fileRef = 149ABEDD29BA28320088CE94 /* QuickPersonalFinanceUITestsLaunchTests.swift */; };
		149ABEED29BA29BD0088CE94 /* CalculationService.swift in Sources */ = {isa = PBXBuildFile; fileRef = 149ABEEC29BA29BD0088CE94 /* CalculationService.swift */; };
		149ABEF129BA304E0088CE94 /* Constants.swift in Sources */ = {isa = PBXBuildFile; fileRef = 149ABEF029BA304E0088CE94 /* Constants.swift */; };
		149DEEC229E86B7000155BF6 /* WorkSans-Light.ttf in Resources */ = {isa = PBXBuildFile; fileRef = 149DEEB029E86B7000155BF6 /* WorkSans-Light.ttf */; };
		149DEECA29E86B7000155BF6 /* WorkSans-Medium.ttf in Resources */ = {isa = PBXBuildFile; fileRef = 149DEEB829E86B7000155BF6 /* WorkSans-Medium.ttf */; };
		149DEECE29E86B7000155BF6 /* WorkSans-Italic.ttf in Resources */ = {isa = PBXBuildFile; fileRef = 149DEEBC29E86B7000155BF6 /* WorkSans-Italic.ttf */; };
		149DEED229E86B7000155BF6 /* WorkSans-Regular.ttf in Resources */ = {isa = PBXBuildFile; fileRef = 149DEEC029E86B7000155BF6 /* WorkSans-Regular.ttf */; };
		149DEEEB29E8BB7600155BF6 /* Manrope-Regular.ttf in Resources */ = {isa = PBXBuildFile; fileRef = 149DEEDF29E8BB7600155BF6 /* Manrope-Regular.ttf */; };
		149DEEEF29E8BD1000155BF6 /* Font+App.swift in Sources */ = {isa = PBXBuildFile; fileRef = 149DEEEE29E8BD1000155BF6 /* Font+App.swift */; };
		14A0DBC42A51159D00E35602 /* StandardError.swift in Sources */ = {isa = PBXBuildFile; fileRef = 14A0DBC32A51159D00E35602 /* StandardError.swift */; };
		14A169FE29BA456D00B69FD7 /* FinanceData.swift in Sources */ = {isa = PBXBuildFile; fileRef = 14A169FD29BA456D00B69FD7 /* FinanceData.swift */; };
		14A16A0429BA6FB700B69FD7 /* IncomesView.swift in Sources */ = {isa = PBXBuildFile; fileRef = 14A16A0329BA6FB700B69FD7 /* IncomesView.swift */; };
		14A16A0629BA6FCF00B69FD7 /* ExpensesView.swift in Sources */ = {isa = PBXBuildFile; fileRef = 14A16A0529BA6FCF00B69FD7 /* ExpensesView.swift */; };
		14A16A0829BA6FED00B69FD7 /* EstimateView.swift in Sources */ = {isa = PBXBuildFile; fileRef = 14A16A0729BA6FED00B69FD7 /* EstimateView.swift */; };
		14A16A0E29BA80AC00B69FD7 /* ExpenseActionView.swift in Sources */ = {isa = PBXBuildFile; fileRef = 14A16A0D29BA80AC00B69FD7 /* ExpenseActionView.swift */; };
		14A16A1029BBCFA500B69FD7 /* Income.swift in Sources */ = {isa = PBXBuildFile; fileRef = 14A16A0F29BBCFA500B69FD7 /* Income.swift */; };
		14A16A1229BBCFB000B69FD7 /* Expense.swift in Sources */ = {isa = PBXBuildFile; fileRef = 14A16A1129BBCFB000B69FD7 /* Expense.swift */; };
		14A16A1629BBD27C00B69FD7 /* Recurrence.swift in Sources */ = {isa = PBXBuildFile; fileRef = 14A16A1529BBD27C00B69FD7 /* Recurrence.swift */; };
		14A16A1829BE408D00B69FD7 /* Source.swift in Sources */ = {isa = PBXBuildFile; fileRef = 14A16A1729BE408D00B69FD7 /* Source.swift */; };
		14A16A1E29C0C69A00B69FD7 /* ModalViewUpperBar.swift in Sources */ = {isa = PBXBuildFile; fileRef = 14A16A1D29C0C69A00B69FD7 /* ModalViewUpperBar.swift */; };
		14A17D612A4CD0DA0014E99B /* Double+Round.swift in Sources */ = {isa = PBXBuildFile; fileRef = 14A17D602A4CD0DA0014E99B /* Double+Round.swift */; };
		14A867CA2A0FDE3C00F42D37 /* ExportPDFView+Report.swift in Sources */ = {isa = PBXBuildFile; fileRef = 14A867C92A0FDE3C00F42D37 /* ExportPDFView+Report.swift */; };
		14AF8EAC2A55BD5200B287FE /* SourceRowView.swift in Sources */ = {isa = PBXBuildFile; fileRef = 14AF8EAB2A55BD5200B287FE /* SourceRowView.swift */; };
		14B4393C29E4CC8E005E31A9 /* MockData.swift in Sources */ = {isa = PBXBuildFile; fileRef = 14B4393B29E4CC8E005E31A9 /* MockData.swift */; };
		14B4393E29E4E4DD005E31A9 /* Color+Palette.swift in Sources */ = {isa = PBXBuildFile; fileRef = 14B4393D29E4E4DD005E31A9 /* Color+Palette.swift */; };
		14B4394029E4E53A005E31A9 /* UIColor+Hex.swift in Sources */ = {isa = PBXBuildFile; fileRef = 14B4393F29E4E53A005E31A9 /* UIColor+Hex.swift */; };
		14BE31212A097CBB000A735C /* IncomeActionView.swift in Sources */ = {isa = PBXBuildFile; fileRef = 14BE311F2A097CBB000A735C /* IncomeActionView.swift */; };
		14BE31222A097CBB000A735C /* IncomeActionViewModel.swift in Sources */ = {isa = PBXBuildFile; fileRef = 14BE31202A097CBB000A735C /* IncomeActionViewModel.swift */; };
		14BE31242A097CFC000A735C /* EmptyContentView.swift in Sources */ = {isa = PBXBuildFile; fileRef = 14BE31232A097CFC000A735C /* EmptyContentView.swift */; };
		14C4D3BC2A3DE8AD00733A69 /* Serializer.swift in Sources */ = {isa = PBXBuildFile; fileRef = 14C4D3BB2A3DE8AD00733A69 /* Serializer.swift */; };
		14DBC40929F1737600EFF244 /* ExpensePersistence.swift in Sources */ = {isa = PBXBuildFile; fileRef = 14DBC40829F1737600EFF244 /* ExpensePersistence.swift */; };
		14DBC40B29F1D77300EFF244 /* ContentViewModel.swift in Sources */ = {isa = PBXBuildFile; fileRef = 14DBC40A29F1D77300EFF244 /* ContentViewModel.swift */; };
		14DD43432A0E9E7F007E75B7 /* PDFDocument+AddPage.swift in Sources */ = {isa = PBXBuildFile; fileRef = 14DD43422A0E9E7F007E75B7 /* PDFDocument+AddPage.swift */; };
		14EAC6152A216D9E0048B1B4 /* LaunchArguments.swift in Sources */ = {isa = PBXBuildFile; fileRef = 14EAC6142A216D9E0048B1B4 /* LaunchArguments.swift */; };
		14F533192A113FC8002772CC /* Font+Report.swift in Sources */ = {isa = PBXBuildFile; fileRef = 14F533182A113FC8002772CC /* Font+Report.swift */; };
		14F8446F2A3A1D5300289D5E /* Currency.swift in Sources */ = {isa = PBXBuildFile; fileRef = 14F8446E2A3A1D5300289D5E /* Currency.swift */; };
		14F844712A3A232C00289D5E /* ExternalCurrencyService.swift in Sources */ = {isa = PBXBuildFile; fileRef = 14F844702A3A232C00289D5E /* ExternalCurrencyService.swift */; };
		14F844772A3A7FE500289D5E /* CurrencyDataPersistence.swift in Sources */ = {isa = PBXBuildFile; fileRef = 14F844762A3A7FE500289D5E /* CurrencyDataPersistence.swift */; };
		14FDF0282A0BA2C700EA40CB /* ExportPDFView.swift in Sources */ = {isa = PBXBuildFile; fileRef = 14FDF0272A0BA2C700EA40CB /* ExportPDFView.swift */; };
		22DD55C3EE009E4441871DA1 /* Pods_QuickPersonalFinanceTests.framework in Frameworks */ = {isa = PBXBuildFile; fileRef = D810AC8D465F0F8128DC1DC8 /* Pods_QuickPersonalFinanceTests.framework */; };
/* End PBXBuildFile section */

/* Begin PBXContainerItemProxy section */
		149ABECE29BA28310088CE94 /* PBXContainerItemProxy */ = {
			isa = PBXContainerItemProxy;
			containerPortal = 149ABEB529BA282B0088CE94 /* Project object */;
			proxyType = 1;
			remoteGlobalIDString = 149ABEBC29BA282B0088CE94;
			remoteInfo = QuickPersonalFinance;
		};
		149ABED829BA28320088CE94 /* PBXContainerItemProxy */ = {
			isa = PBXContainerItemProxy;
			containerPortal = 149ABEB529BA282B0088CE94 /* Project object */;
			proxyType = 1;
			remoteGlobalIDString = 149ABEBC29BA282B0088CE94;
			remoteInfo = QuickPersonalFinance;
		};
/* End PBXContainerItemProxy section */

/* Begin PBXFileReference section */
		1403933029C9DF1600049CCB /* OutlinedTextFieldStyle.swift */ = {isa = PBXFileReference; lastKnownFileType = sourcecode.swift; path = OutlinedTextFieldStyle.swift; sourceTree = "<group>"; };
		1403933329CA034F00049CCB /* ValidationProtocol.swift */ = {isa = PBXFileReference; lastKnownFileType = sourcecode.swift; path = ValidationProtocol.swift; sourceTree = "<group>"; };
		1409878F2A18225000461A4B /* ConvertedEstimateView.swift */ = {isa = PBXFileReference; lastKnownFileType = sourcecode.swift; path = ConvertedEstimateView.swift; sourceTree = "<group>"; };
		140987912A1824B400461A4B /* ConvertedEstimateViewModel.swift */ = {isa = PBXFileReference; lastKnownFileType = sourcecode.swift; path = ConvertedEstimateViewModel.swift; sourceTree = "<group>"; };
		14153FD429E8516E00C90D13 /* ScreenTitle.swift */ = {isa = PBXFileReference; lastKnownFileType = sourcecode.swift; path = ScreenTitle.swift; sourceTree = "<group>"; };
		141A5B1A29DF1025003DB4A2 /* CustomTextField.swift */ = {isa = PBXFileReference; lastKnownFileType = sourcecode.swift; path = CustomTextField.swift; sourceTree = "<group>"; };
		142BA18629ECE25A005F4610 /* QuickPersonalFinance.xcdatamodel */ = {isa = PBXFileReference; lastKnownFileType = wrapper.xcdatamodel; path = QuickPersonalFinance.xcdatamodel; sourceTree = "<group>"; };
		1439A0DA29E4376A00197112 /* EstimateViewModel.swift */ = {isa = PBXFileReference; lastKnownFileType = sourcecode.swift; path = EstimateViewModel.swift; sourceTree = "<group>"; };
		1439A0DC29E460E200197112 /* Double+Currency.swift */ = {isa = PBXFileReference; lastKnownFileType = sourcecode.swift; path = "Double+Currency.swift"; sourceTree = "<group>"; };
		14428B0029F0333B00BC0246 /* PersistenceService.swift */ = {isa = PBXFileReference; lastKnownFileType = sourcecode.swift; path = PersistenceService.swift; sourceTree = "<group>"; };
		14428B0429F047A300BC0246 /* IncomePersistence.swift */ = {isa = PBXFileReference; lastKnownFileType = sourcecode.swift; path = IncomePersistence.swift; sourceTree = "<group>"; };
		144C6C392A27A6E900A15D8C /* SnapshotHelper.swift */ = {isa = PBXFileReference; fileEncoding = 4; lastKnownFileType = sourcecode.swift; name = SnapshotHelper.swift; path = fastlane/SnapshotHelper.swift; sourceTree = SOURCE_ROOT; };
		144DB7B429EED77F00DF3585 /* IncomesViewModel.swift */ = {isa = PBXFileReference; lastKnownFileType = sourcecode.swift; path = IncomesViewModel.swift; sourceTree = "<group>"; };
		144DB7B629EEDBE100DF3585 /* ExpensesViewModel.swift */ = {isa = PBXFileReference; lastKnownFileType = sourcecode.swift; path = ExpensesViewModel.swift; sourceTree = "<group>"; };
		144DB7B929EEFEEB00DF3585 /* Array+Difference.swift */ = {isa = PBXFileReference; lastKnownFileType = sourcecode.swift; path = "Array+Difference.swift"; sourceTree = "<group>"; };
		144E490C2A0A9FF7008BAA5E /* GoogleService-Info.plist */ = {isa = PBXFileReference; fileEncoding = 4; lastKnownFileType = text.plist.xml; path = "GoogleService-Info.plist"; sourceTree = "<group>"; };
		144E49132A0AA601008BAA5E /* AppDelegate.swift */ = {isa = PBXFileReference; lastKnownFileType = sourcecode.swift; path = AppDelegate.swift; sourceTree = "<group>"; };
		144E4E5729F421A400EEDC9B /* Launch Screen.storyboard */ = {isa = PBXFileReference; lastKnownFileType = file.storyboard; path = "Launch Screen.storyboard"; sourceTree = "<group>"; };
		144E4E5D29F4693A00EEDC9B /* en */ = {isa = PBXFileReference; lastKnownFileType = text.plist.strings; name = en; path = en.lproj/Localizable.strings; sourceTree = "<group>"; };
		144E4E5F29F472C200EEDC9B /* String+Localization.swift */ = {isa = PBXFileReference; lastKnownFileType = sourcecode.swift; path = "String+Localization.swift"; sourceTree = "<group>"; };
		144E4E6129F4A2A200EEDC9B /* es-419 */ = {isa = PBXFileReference; lastKnownFileType = text.plist.strings; name = "es-419"; path = "es-419.lproj/Localizable.strings"; sourceTree = "<group>"; };
		1453E7EB29F6BD8B0000663B /* MockData+Persistence.swift */ = {isa = PBXFileReference; lastKnownFileType = sourcecode.swift; path = "MockData+Persistence.swift"; sourceTree = "<group>"; };
		145F124B29FAA4EB009853A8 /* SettingsActionView.swift */ = {isa = PBXFileReference; lastKnownFileType = sourcecode.swift; path = SettingsActionView.swift; sourceTree = "<group>"; };
		145F124D29FAA505009853A8 /* SettingsActionViewModel.swift */ = {isa = PBXFileReference; lastKnownFileType = sourcecode.swift; path = SettingsActionViewModel.swift; sourceTree = "<group>"; };
		145F124F29FAA63C009853A8 /* SettingsService.swift */ = {isa = PBXFileReference; lastKnownFileType = sourcecode.swift; path = SettingsService.swift; sourceTree = "<group>"; };
		1468A1EB29ED86A6002E92B7 /* DataController.swift */ = {isa = PBXFileReference; lastKnownFileType = sourcecode.swift; path = DataController.swift; sourceTree = "<group>"; };
		1468A1ED29ED8C70002E92B7 /* Model+Persistence.swift */ = {isa = PBXFileReference; lastKnownFileType = sourcecode.swift; path = "Model+Persistence.swift"; sourceTree = "<group>"; };
		146F6A5029E0E7CA0087F514 /* ExpenseActionViewModel.swift */ = {isa = PBXFileReference; lastKnownFileType = sourcecode.swift; path = ExpenseActionViewModel.swift; sourceTree = "<group>"; };
		146F6A5229E0F6DE0087F514 /* Validations.swift */ = {isa = PBXFileReference; lastKnownFileType = sourcecode.swift; path = Validations.swift; sourceTree = "<group>"; };
		14783A0829E8350100BBE10F /* CTAButton.swift */ = {isa = PBXFileReference; lastKnownFileType = sourcecode.swift; path = CTAButton.swift; sourceTree = "<group>"; };
		148745232A4C5FA500CC91DB /* CalculationService+Currency.swift */ = {isa = PBXFileReference; lastKnownFileType = sourcecode.swift; path = "CalculationService+Currency.swift"; sourceTree = "<group>"; };
		148D91592A38C4CF005E6F38 /* example.json */ = {isa = PBXFileReference; fileEncoding = 4; lastKnownFileType = text.json; path = example.json; sourceTree = "<group>"; };
		148D915C2A38C55F005E6F38 /* MockingHelper.swift */ = {isa = PBXFileReference; lastKnownFileType = sourcecode.swift; path = MockingHelper.swift; sourceTree = "<group>"; };
		1491DE5A2A5216D60020D172 /* UserDataService.swift */ = {isa = PBXFileReference; lastKnownFileType = sourcecode.swift; path = UserDataService.swift; sourceTree = "<group>"; };
		1491DE5C2A52FFD40020D172 /* CurrencyConversionController.swift */ = {isa = PBXFileReference; lastKnownFileType = sourcecode.swift; path = CurrencyConversionController.swift; sourceTree = "<group>"; };
		1491DE5E2A5301030020D172 /* CurrencyRefresh.swift */ = {isa = PBXFileReference; lastKnownFileType = sourcecode.swift; path = CurrencyRefresh.swift; sourceTree = "<group>"; };
		149ABEBD29BA282B0088CE94 /* QuickPersonalFinance.app */ = {isa = PBXFileReference; explicitFileType = wrapper.application; includeInIndex = 0; path = QuickPersonalFinance.app; sourceTree = BUILT_PRODUCTS_DIR; };
		149ABEC029BA282B0088CE94 /* QuickPersonalFinanceApp.swift */ = {isa = PBXFileReference; lastKnownFileType = sourcecode.swift; path = QuickPersonalFinanceApp.swift; sourceTree = "<group>"; };
		149ABEC229BA282B0088CE94 /* ContentView.swift */ = {isa = PBXFileReference; lastKnownFileType = sourcecode.swift; path = ContentView.swift; sourceTree = "<group>"; };
		149ABEC429BA28310088CE94 /* Assets.xcassets */ = {isa = PBXFileReference; lastKnownFileType = folder.assetcatalog; path = Assets.xcassets; sourceTree = "<group>"; };
		149ABEC729BA28310088CE94 /* Preview Assets.xcassets */ = {isa = PBXFileReference; lastKnownFileType = folder.assetcatalog; path = "Preview Assets.xcassets"; sourceTree = "<group>"; };
		149ABECD29BA28310088CE94 /* QuickPersonalFinanceTests.xctest */ = {isa = PBXFileReference; explicitFileType = wrapper.cfbundle; includeInIndex = 0; path = QuickPersonalFinanceTests.xctest; sourceTree = BUILT_PRODUCTS_DIR; };
		149ABED129BA28310088CE94 /* QuickPersonalFinanceTests.swift */ = {isa = PBXFileReference; lastKnownFileType = sourcecode.swift; path = QuickPersonalFinanceTests.swift; sourceTree = "<group>"; };
		149ABED729BA28320088CE94 /* QuickPersonalFinanceUITests.xctest */ = {isa = PBXFileReference; explicitFileType = wrapper.cfbundle; includeInIndex = 0; path = QuickPersonalFinanceUITests.xctest; sourceTree = BUILT_PRODUCTS_DIR; };
		149ABEDB29BA28320088CE94 /* QuickPersonalFinanceUITests.swift */ = {isa = PBXFileReference; lastKnownFileType = sourcecode.swift; path = QuickPersonalFinanceUITests.swift; sourceTree = "<group>"; };
		149ABEDD29BA28320088CE94 /* QuickPersonalFinanceUITestsLaunchTests.swift */ = {isa = PBXFileReference; lastKnownFileType = sourcecode.swift; path = QuickPersonalFinanceUITestsLaunchTests.swift; sourceTree = "<group>"; };
		149ABEEC29BA29BD0088CE94 /* CalculationService.swift */ = {isa = PBXFileReference; lastKnownFileType = sourcecode.swift; path = CalculationService.swift; sourceTree = "<group>"; };
		149ABEF029BA304E0088CE94 /* Constants.swift */ = {isa = PBXFileReference; lastKnownFileType = sourcecode.swift; path = Constants.swift; sourceTree = "<group>"; };
		149DEEB029E86B7000155BF6 /* WorkSans-Light.ttf */ = {isa = PBXFileReference; lastKnownFileType = file; path = "WorkSans-Light.ttf"; sourceTree = "<group>"; };
		149DEEB829E86B7000155BF6 /* WorkSans-Medium.ttf */ = {isa = PBXFileReference; lastKnownFileType = file; path = "WorkSans-Medium.ttf"; sourceTree = "<group>"; };
		149DEEBC29E86B7000155BF6 /* WorkSans-Italic.ttf */ = {isa = PBXFileReference; lastKnownFileType = file; path = "WorkSans-Italic.ttf"; sourceTree = "<group>"; };
		149DEEC029E86B7000155BF6 /* WorkSans-Regular.ttf */ = {isa = PBXFileReference; lastKnownFileType = file; path = "WorkSans-Regular.ttf"; sourceTree = "<group>"; };
		149DEEDF29E8BB7600155BF6 /* Manrope-Regular.ttf */ = {isa = PBXFileReference; lastKnownFileType = file; path = "Manrope-Regular.ttf"; sourceTree = "<group>"; };
		149DEEEE29E8BD1000155BF6 /* Font+App.swift */ = {isa = PBXFileReference; lastKnownFileType = sourcecode.swift; path = "Font+App.swift"; sourceTree = "<group>"; };
		14A0DBC32A51159D00E35602 /* StandardError.swift */ = {isa = PBXFileReference; lastKnownFileType = sourcecode.swift; path = StandardError.swift; sourceTree = "<group>"; };
		14A169FA29BA432B00B69FD7 /* README.md */ = {isa = PBXFileReference; fileEncoding = 4; lastKnownFileType = net.daringfireball.markdown; path = README.md; sourceTree = "<group>"; };
		14A169FD29BA456D00B69FD7 /* FinanceData.swift */ = {isa = PBXFileReference; lastKnownFileType = sourcecode.swift; path = FinanceData.swift; sourceTree = "<group>"; };
		14A16A0329BA6FB700B69FD7 /* IncomesView.swift */ = {isa = PBXFileReference; lastKnownFileType = sourcecode.swift; path = IncomesView.swift; sourceTree = "<group>"; };
		14A16A0529BA6FCF00B69FD7 /* ExpensesView.swift */ = {isa = PBXFileReference; lastKnownFileType = sourcecode.swift; path = ExpensesView.swift; sourceTree = "<group>"; };
		14A16A0729BA6FED00B69FD7 /* EstimateView.swift */ = {isa = PBXFileReference; lastKnownFileType = sourcecode.swift; path = EstimateView.swift; sourceTree = "<group>"; };
		14A16A0D29BA80AC00B69FD7 /* ExpenseActionView.swift */ = {isa = PBXFileReference; lastKnownFileType = sourcecode.swift; path = ExpenseActionView.swift; sourceTree = "<group>"; };
		14A16A0F29BBCFA500B69FD7 /* Income.swift */ = {isa = PBXFileReference; lastKnownFileType = sourcecode.swift; path = Income.swift; sourceTree = "<group>"; };
		14A16A1129BBCFB000B69FD7 /* Expense.swift */ = {isa = PBXFileReference; lastKnownFileType = sourcecode.swift; path = Expense.swift; sourceTree = "<group>"; };
		14A16A1529BBD27C00B69FD7 /* Recurrence.swift */ = {isa = PBXFileReference; lastKnownFileType = sourcecode.swift; path = Recurrence.swift; sourceTree = "<group>"; };
		14A16A1729BE408D00B69FD7 /* Source.swift */ = {isa = PBXFileReference; lastKnownFileType = sourcecode.swift; path = Source.swift; sourceTree = "<group>"; };
		14A16A1929BF865500B69FD7 /* Info.plist */ = {isa = PBXFileReference; lastKnownFileType = text.plist; path = Info.plist; sourceTree = "<group>"; };
		14A16A1D29C0C69A00B69FD7 /* ModalViewUpperBar.swift */ = {isa = PBXFileReference; lastKnownFileType = sourcecode.swift; path = ModalViewUpperBar.swift; sourceTree = "<group>"; };
		14A17D602A4CD0DA0014E99B /* Double+Round.swift */ = {isa = PBXFileReference; lastKnownFileType = sourcecode.swift; path = "Double+Round.swift"; sourceTree = "<group>"; };
		14A867C92A0FDE3C00F42D37 /* ExportPDFView+Report.swift */ = {isa = PBXFileReference; lastKnownFileType = sourcecode.swift; path = "ExportPDFView+Report.swift"; sourceTree = "<group>"; };
		14AF8EAB2A55BD5200B287FE /* SourceRowView.swift */ = {isa = PBXFileReference; fileEncoding = 4; lastKnownFileType = sourcecode.swift; path = SourceRowView.swift; sourceTree = "<group>"; };
		14B4393B29E4CC8E005E31A9 /* MockData.swift */ = {isa = PBXFileReference; lastKnownFileType = sourcecode.swift; path = MockData.swift; sourceTree = "<group>"; };
		14B4393D29E4E4DD005E31A9 /* Color+Palette.swift */ = {isa = PBXFileReference; lastKnownFileType = sourcecode.swift; path = "Color+Palette.swift"; sourceTree = "<group>"; };
		14B4393F29E4E53A005E31A9 /* UIColor+Hex.swift */ = {isa = PBXFileReference; lastKnownFileType = sourcecode.swift; path = "UIColor+Hex.swift"; sourceTree = "<group>"; };
		14BE311F2A097CBB000A735C /* IncomeActionView.swift */ = {isa = PBXFileReference; fileEncoding = 4; lastKnownFileType = sourcecode.swift; path = IncomeActionView.swift; sourceTree = "<group>"; };
		14BE31202A097CBB000A735C /* IncomeActionViewModel.swift */ = {isa = PBXFileReference; fileEncoding = 4; lastKnownFileType = sourcecode.swift; path = IncomeActionViewModel.swift; sourceTree = "<group>"; };
		14BE31232A097CFC000A735C /* EmptyContentView.swift */ = {isa = PBXFileReference; lastKnownFileType = sourcecode.swift; path = EmptyContentView.swift; sourceTree = "<group>"; };
		14C4D3BB2A3DE8AD00733A69 /* Serializer.swift */ = {isa = PBXFileReference; lastKnownFileType = sourcecode.swift; path = Serializer.swift; sourceTree = "<group>"; };
		14DBC40829F1737600EFF244 /* ExpensePersistence.swift */ = {isa = PBXFileReference; lastKnownFileType = sourcecode.swift; path = ExpensePersistence.swift; sourceTree = "<group>"; };
		14DBC40A29F1D77300EFF244 /* ContentViewModel.swift */ = {isa = PBXFileReference; lastKnownFileType = sourcecode.swift; path = ContentViewModel.swift; sourceTree = "<group>"; };
		14DD43422A0E9E7F007E75B7 /* PDFDocument+AddPage.swift */ = {isa = PBXFileReference; lastKnownFileType = sourcecode.swift; path = "PDFDocument+AddPage.swift"; sourceTree = "<group>"; };
		14EAC6142A216D9E0048B1B4 /* LaunchArguments.swift */ = {isa = PBXFileReference; lastKnownFileType = sourcecode.swift; path = LaunchArguments.swift; sourceTree = "<group>"; };
		14F533182A113FC8002772CC /* Font+Report.swift */ = {isa = PBXFileReference; lastKnownFileType = sourcecode.swift; path = "Font+Report.swift"; sourceTree = "<group>"; };
		14F8446E2A3A1D5300289D5E /* Currency.swift */ = {isa = PBXFileReference; lastKnownFileType = sourcecode.swift; path = Currency.swift; sourceTree = "<group>"; };
		14F844702A3A232C00289D5E /* ExternalCurrencyService.swift */ = {isa = PBXFileReference; lastKnownFileType = sourcecode.swift; path = ExternalCurrencyService.swift; sourceTree = "<group>"; };
		14F844762A3A7FE500289D5E /* CurrencyDataPersistence.swift */ = {isa = PBXFileReference; lastKnownFileType = sourcecode.swift; path = CurrencyDataPersistence.swift; sourceTree = "<group>"; };
		14FDF0272A0BA2C700EA40CB /* ExportPDFView.swift */ = {isa = PBXFileReference; lastKnownFileType = sourcecode.swift; path = ExportPDFView.swift; sourceTree = "<group>"; };
		14FF64BA2A00555A00BB15EE /* LICENSE */ = {isa = PBXFileReference; fileEncoding = 4; lastKnownFileType = text; path = LICENSE; sourceTree = "<group>"; };
		1565BE1247BB531CCE88D060 /* Pods-QuickPersonalFinance-QuickPersonalFinanceUITests.debug.xcconfig */ = {isa = PBXFileReference; includeInIndex = 1; lastKnownFileType = text.xcconfig; name = "Pods-QuickPersonalFinance-QuickPersonalFinanceUITests.debug.xcconfig"; path = "Target Support Files/Pods-QuickPersonalFinance-QuickPersonalFinanceUITests/Pods-QuickPersonalFinance-QuickPersonalFinanceUITests.debug.xcconfig"; sourceTree = "<group>"; };
		2D2650F5769E9DEE36D6C74F /* Pods_QuickPersonalFinance.framework */ = {isa = PBXFileReference; explicitFileType = wrapper.framework; includeInIndex = 0; path = Pods_QuickPersonalFinance.framework; sourceTree = BUILT_PRODUCTS_DIR; };
		39B2EF9BB0B118A869036E6A /* Pods-QuickPersonalFinanceTests.debug.xcconfig */ = {isa = PBXFileReference; includeInIndex = 1; lastKnownFileType = text.xcconfig; name = "Pods-QuickPersonalFinanceTests.debug.xcconfig"; path = "Target Support Files/Pods-QuickPersonalFinanceTests/Pods-QuickPersonalFinanceTests.debug.xcconfig"; sourceTree = "<group>"; };
		3D6E5EB2340ACB6A3F307F4E /* Pods_QuickPersonalFinance_QuickPersonalFinanceUITests.framework */ = {isa = PBXFileReference; explicitFileType = wrapper.framework; includeInIndex = 0; path = Pods_QuickPersonalFinance_QuickPersonalFinanceUITests.framework; sourceTree = BUILT_PRODUCTS_DIR; };
		624771618EBC44824AD932F6 /* Pods-QuickPersonalFinance.release.xcconfig */ = {isa = PBXFileReference; includeInIndex = 1; lastKnownFileType = text.xcconfig; name = "Pods-QuickPersonalFinance.release.xcconfig"; path = "Target Support Files/Pods-QuickPersonalFinance/Pods-QuickPersonalFinance.release.xcconfig"; sourceTree = "<group>"; };
		84A3E5DB8A61EAEE6DC3759F /* Pods-QuickPersonalFinance-QuickPersonalFinanceUITests.release.xcconfig */ = {isa = PBXFileReference; includeInIndex = 1; lastKnownFileType = text.xcconfig; name = "Pods-QuickPersonalFinance-QuickPersonalFinanceUITests.release.xcconfig"; path = "Target Support Files/Pods-QuickPersonalFinance-QuickPersonalFinanceUITests/Pods-QuickPersonalFinance-QuickPersonalFinanceUITests.release.xcconfig"; sourceTree = "<group>"; };
		9C8C0A87BC22EA4CB16A3954 /* Pods-QuickPersonalFinance.debug.xcconfig */ = {isa = PBXFileReference; includeInIndex = 1; lastKnownFileType = text.xcconfig; name = "Pods-QuickPersonalFinance.debug.xcconfig"; path = "Target Support Files/Pods-QuickPersonalFinance/Pods-QuickPersonalFinance.debug.xcconfig"; sourceTree = "<group>"; };
		D810AC8D465F0F8128DC1DC8 /* Pods_QuickPersonalFinanceTests.framework */ = {isa = PBXFileReference; explicitFileType = wrapper.framework; includeInIndex = 0; path = Pods_QuickPersonalFinanceTests.framework; sourceTree = BUILT_PRODUCTS_DIR; };
		D9375EF3ADE16A1100873966 /* Pods-QuickPersonalFinanceTests.release.xcconfig */ = {isa = PBXFileReference; includeInIndex = 1; lastKnownFileType = text.xcconfig; name = "Pods-QuickPersonalFinanceTests.release.xcconfig"; path = "Target Support Files/Pods-QuickPersonalFinanceTests/Pods-QuickPersonalFinanceTests.release.xcconfig"; sourceTree = "<group>"; };
/* End PBXFileReference section */

/* Begin PBXFrameworksBuildPhase section */
		149ABEBA29BA282B0088CE94 /* Frameworks */ = {
			isa = PBXFrameworksBuildPhase;
			buildActionMask = 2147483647;
			files = (
				0B26A5A461FDFFEF2A72E837 /* Pods_QuickPersonalFinance.framework in Frameworks */,
			);
			runOnlyForDeploymentPostprocessing = 0;
		};
		149ABECA29BA28310088CE94 /* Frameworks */ = {
			isa = PBXFrameworksBuildPhase;
			buildActionMask = 2147483647;
			files = (
				22DD55C3EE009E4441871DA1 /* Pods_QuickPersonalFinanceTests.framework in Frameworks */,
			);
			runOnlyForDeploymentPostprocessing = 0;
		};
		149ABED429BA28320088CE94 /* Frameworks */ = {
			isa = PBXFrameworksBuildPhase;
			buildActionMask = 2147483647;
			files = (
				13B72F46F5D7123DB474FB02 /* Pods_QuickPersonalFinance_QuickPersonalFinanceUITests.framework in Frameworks */,
			);
			runOnlyForDeploymentPostprocessing = 0;
		};
/* End PBXFrameworksBuildPhase section */

/* Begin PBXGroup section */
		1409878E2A18211500461A4B /* ConvertedEstimate */ = {
			isa = PBXGroup;
			children = (
				1409878F2A18225000461A4B /* ConvertedEstimateView.swift */,
				140987912A1824B400461A4B /* ConvertedEstimateViewModel.swift */,
				1491DE5C2A52FFD40020D172 /* CurrencyConversionController.swift */,
			);
			path = ConvertedEstimate;
			sourceTree = "<group>";
		};
		144E4E5929F4615A00EEDC9B /* Localization */ = {
			isa = PBXGroup;
			children = (
				144E4E5E29F4693A00EEDC9B /* Localizable.strings */,
				144E4E5F29F472C200EEDC9B /* String+Localization.swift */,
			);
			path = Localization;
			sourceTree = "<group>";
		};
		145F124A29FAA4C2009853A8 /* Settings */ = {
			isa = PBXGroup;
			children = (
				145F124B29FAA4EB009853A8 /* SettingsActionView.swift */,
				145F124D29FAA505009853A8 /* SettingsActionViewModel.swift */,
			);
			path = Settings;
			sourceTree = "<group>";
		};
		148D91582A38C492005E6F38 /* Responses */ = {
			isa = PBXGroup;
			children = (
				148D91592A38C4CF005E6F38 /* example.json */,
			);
			path = Responses;
			sourceTree = "<group>";
		};
		149ABEB429BA282B0088CE94 = {
			isa = PBXGroup;
			children = (
				14A169FA29BA432B00B69FD7 /* README.md */,
				14FF64BA2A00555A00BB15EE /* LICENSE */,
				149ABEBF29BA282B0088CE94 /* QuickPersonalFinance */,
				149ABED029BA28310088CE94 /* QuickPersonalFinanceTests */,
				149ABEDA29BA28320088CE94 /* QuickPersonalFinanceUITests */,
				149ABEBE29BA282B0088CE94 /* Products */,
				14C180A82A197A46004CDBE7 /* Frameworks */,
				BD11230CE8E560E5A60884E5 /* Pods */,
			);
			sourceTree = "<group>";
		};
		149ABEBE29BA282B0088CE94 /* Products */ = {
			isa = PBXGroup;
			children = (
				149ABEBD29BA282B0088CE94 /* QuickPersonalFinance.app */,
				149ABECD29BA28310088CE94 /* QuickPersonalFinanceTests.xctest */,
				149ABED729BA28320088CE94 /* QuickPersonalFinanceUITests.xctest */,
			);
			name = Products;
			sourceTree = "<group>";
		};
		149ABEBF29BA282B0088CE94 /* QuickPersonalFinance */ = {
			isa = PBXGroup;
			children = (
				14A16A1929BF865500B69FD7 /* Info.plist */,
				144E490C2A0A9FF7008BAA5E /* GoogleService-Info.plist */,
				144E49132A0AA601008BAA5E /* AppDelegate.swift */,
				149ABEC029BA282B0088CE94 /* QuickPersonalFinanceApp.swift */,
				142BA18529ECE25A005F4610 /* QuickPersonalFinance.xcdatamodeld */,
				14A169FF29BA46B100B69FD7 /* Views */,
				14A16A1A29C0C38400B69FD7 /* Components */,
				14A169FC29BA456200B69FD7 /* Model */,
				149ABEEB29BA29910088CE94 /* Services */,
				14A17D622A4CD93C0014E99B /* Shared */,
				149ABEEE29BA2FC70088CE94 /* Resources */,
				14B4393A29E4CC29005E31A9 /* Mocking */,
				144E4E5929F4615A00EEDC9B /* Localization */,
				149ABEC629BA28310088CE94 /* Preview Content */,
			);
			path = QuickPersonalFinance;
			sourceTree = "<group>";
		};
		149ABEC629BA28310088CE94 /* Preview Content */ = {
			isa = PBXGroup;
			children = (
				149ABEC729BA28310088CE94 /* Preview Assets.xcassets */,
			);
			path = "Preview Content";
			sourceTree = "<group>";
		};
		149ABED029BA28310088CE94 /* QuickPersonalFinanceTests */ = {
			isa = PBXGroup;
			children = (
				149ABED129BA28310088CE94 /* QuickPersonalFinanceTests.swift */,
			);
			path = QuickPersonalFinanceTests;
			sourceTree = "<group>";
		};
		149ABEDA29BA28320088CE94 /* QuickPersonalFinanceUITests */ = {
			isa = PBXGroup;
			children = (
				144C6C392A27A6E900A15D8C /* SnapshotHelper.swift */,
				149ABEDB29BA28320088CE94 /* QuickPersonalFinanceUITests.swift */,
				149ABEDD29BA28320088CE94 /* QuickPersonalFinanceUITestsLaunchTests.swift */,
			);
			path = QuickPersonalFinanceUITests;
			sourceTree = "<group>";
		};
		149ABEEB29BA29910088CE94 /* Services */ = {
			isa = PBXGroup;
			children = (
				14F844752A3A7B8700289D5E /* Core */,
				14F844742A3A7B7B00289D5E /* External */,
				14F844732A3A7B7000289D5E /* Support */,
				14F844722A3A7B4300289D5E /* Persistence */,
			);
			path = Services;
			sourceTree = "<group>";
		};
		149ABEEE29BA2FC70088CE94 /* Resources */ = {
			isa = PBXGroup;
			children = (
				149DEEAE29E86AC300155BF6 /* Fonts */,
				149ABEC429BA28310088CE94 /* Assets.xcassets */,
			);
			path = Resources;
			sourceTree = "<group>";
		};
		149DEEAE29E86AC300155BF6 /* Fonts */ = {
			isa = PBXGroup;
			children = (
				149DEEDC29E8BB7600155BF6 /* Manrope */,
				149DEEAF29E86AFB00155BF6 /* Work_Sans */,
			);
			path = Fonts;
			sourceTree = "<group>";
		};
		149DEEAF29E86AFB00155BF6 /* Work_Sans */ = {
			isa = PBXGroup;
			children = (
				149DEEBC29E86B7000155BF6 /* WorkSans-Italic.ttf */,
				149DEEB029E86B7000155BF6 /* WorkSans-Light.ttf */,
				149DEEB829E86B7000155BF6 /* WorkSans-Medium.ttf */,
				149DEEC029E86B7000155BF6 /* WorkSans-Regular.ttf */,
			);
			path = Work_Sans;
			sourceTree = "<group>";
		};
		149DEEDC29E8BB7600155BF6 /* Manrope */ = {
			isa = PBXGroup;
			children = (
				149DEEDF29E8BB7600155BF6 /* Manrope-Regular.ttf */,
			);
			path = Manrope;
			sourceTree = "<group>";
		};
		14A169FC29BA456200B69FD7 /* Model */ = {
			isa = PBXGroup;
			children = (
				14A169FD29BA456D00B69FD7 /* FinanceData.swift */,
				14A16A0F29BBCFA500B69FD7 /* Income.swift */,
				14A16A1129BBCFB000B69FD7 /* Expense.swift */,
				14A16A1529BBD27C00B69FD7 /* Recurrence.swift */,
				14A16A1729BE408D00B69FD7 /* Source.swift */,
				14F8446E2A3A1D5300289D5E /* Currency.swift */,
			);
			path = Model;
			sourceTree = "<group>";
		};
		14A169FF29BA46B100B69FD7 /* Views */ = {
			isa = PBXGroup;
			children = (
				144E4E5729F421A400EEDC9B /* Launch Screen.storyboard */,
				14A16A0029BA6F7000B69FD7 /* Incomes */,
				14BE311E2A097C92000A735C /* IncomeAction */,
				14A16A0129BA6F8E00B69FD7 /* Expenses */,
				14A16A0C29BA808600B69FD7 /* ExpenseAction */,
				14A16A0229BA6F9800B69FD7 /* Estimate */,
				1409878E2A18211500461A4B /* ConvertedEstimate */,
				145F124A29FAA4C2009853A8 /* Settings */,
				149ABEC229BA282B0088CE94 /* ContentView.swift */,
				14DBC40A29F1D77300EFF244 /* ContentViewModel.swift */,
			);
			path = Views;
			sourceTree = "<group>";
		};
		14A16A0029BA6F7000B69FD7 /* Incomes */ = {
			isa = PBXGroup;
			children = (
				14A16A0329BA6FB700B69FD7 /* IncomesView.swift */,
				144DB7B429EED77F00DF3585 /* IncomesViewModel.swift */,
			);
			path = Incomes;
			sourceTree = "<group>";
		};
		14A16A0129BA6F8E00B69FD7 /* Expenses */ = {
			isa = PBXGroup;
			children = (
				14A16A0529BA6FCF00B69FD7 /* ExpensesView.swift */,
				144DB7B629EEDBE100DF3585 /* ExpensesViewModel.swift */,
			);
			path = Expenses;
			sourceTree = "<group>";
		};
		14A16A0229BA6F9800B69FD7 /* Estimate */ = {
			isa = PBXGroup;
			children = (
				14A16A0729BA6FED00B69FD7 /* EstimateView.swift */,
				1439A0DA29E4376A00197112 /* EstimateViewModel.swift */,
			);
			path = Estimate;
			sourceTree = "<group>";
		};
		14A16A0C29BA808600B69FD7 /* ExpenseAction */ = {
			isa = PBXGroup;
			children = (
				14A16A0D29BA80AC00B69FD7 /* ExpenseActionView.swift */,
				146F6A5029E0E7CA0087F514 /* ExpenseActionViewModel.swift */,
			);
			path = ExpenseAction;
			sourceTree = "<group>";
		};
		14A16A1A29C0C38400B69FD7 /* Components */ = {
			isa = PBXGroup;
			children = (
				14AF8EAB2A55BD5200B287FE /* SourceRowView.swift */,
				14A16A1D29C0C69A00B69FD7 /* ModalViewUpperBar.swift */,
				1403933029C9DF1600049CCB /* OutlinedTextFieldStyle.swift */,
				141A5B1A29DF1025003DB4A2 /* CustomTextField.swift */,
				14783A0829E8350100BBE10F /* CTAButton.swift */,
				14153FD429E8516E00C90D13 /* ScreenTitle.swift */,
				14BE31232A097CFC000A735C /* EmptyContentView.swift */,
				14FDF0272A0BA2C700EA40CB /* ExportPDFView.swift */,
				14A867C92A0FDE3C00F42D37 /* ExportPDFView+Report.swift */,
			);
			path = Components;
			sourceTree = "<group>";
		};
		14A17D622A4CD93C0014E99B /* Shared */ = {
			isa = PBXGroup;
			children = (
				14EAC6142A216D9E0048B1B4 /* LaunchArguments.swift */,
				149ABEF029BA304E0088CE94 /* Constants.swift */,
				14A17D642A4CD9C20014E99B /* Helpers */,
				14A17D632A4CD9450014E99B /* Extensions */,
				14A17D652A4DEABC0014E99B /* Validation */,
				14A0DBC32A51159D00E35602 /* StandardError.swift */,
				1491DE5E2A5301030020D172 /* CurrencyRefresh.swift */,
			);
			path = Shared;
			sourceTree = "<group>";
		};
		14A17D632A4CD9450014E99B /* Extensions */ = {
			isa = PBXGroup;
			children = (
				14B4393D29E4E4DD005E31A9 /* Color+Palette.swift */,
				14B4393F29E4E53A005E31A9 /* UIColor+Hex.swift */,
				149DEEEE29E8BD1000155BF6 /* Font+App.swift */,
				144DB7B929EEFEEB00DF3585 /* Array+Difference.swift */,
				14DD43422A0E9E7F007E75B7 /* PDFDocument+AddPage.swift */,
				14F533182A113FC8002772CC /* Font+Report.swift */,
				1439A0DC29E460E200197112 /* Double+Currency.swift */,
				14A17D602A4CD0DA0014E99B /* Double+Round.swift */,
			);
			path = Extensions;
			sourceTree = "<group>";
		};
		14A17D642A4CD9C20014E99B /* Helpers */ = {
			isa = PBXGroup;
			children = (
				14C4D3BB2A3DE8AD00733A69 /* Serializer.swift */,
				1468A1ED29ED8C70002E92B7 /* Model+Persistence.swift */,
			);
			path = Helpers;
			sourceTree = "<group>";
		};
		14A17D652A4DEABC0014E99B /* Validation */ = {
			isa = PBXGroup;
			children = (
				1403933329CA034F00049CCB /* ValidationProtocol.swift */,
				146F6A5229E0F6DE0087F514 /* Validations.swift */,
			);
			path = Validation;
			sourceTree = "<group>";
		};
		14B4393A29E4CC29005E31A9 /* Mocking */ = {
			isa = PBXGroup;
			children = (
				148D91582A38C492005E6F38 /* Responses */,
				14B4393B29E4CC8E005E31A9 /* MockData.swift */,
				1453E7EB29F6BD8B0000663B /* MockData+Persistence.swift */,
				148D915C2A38C55F005E6F38 /* MockingHelper.swift */,
			);
			path = Mocking;
			sourceTree = "<group>";
		};
		14BE311E2A097C92000A735C /* IncomeAction */ = {
			isa = PBXGroup;
			children = (
				14BE311F2A097CBB000A735C /* IncomeActionView.swift */,
				14BE31202A097CBB000A735C /* IncomeActionViewModel.swift */,
			);
			path = IncomeAction;
			sourceTree = "<group>";
		};
		14C180A82A197A46004CDBE7 /* Frameworks */ = {
			isa = PBXGroup;
			children = (
				2D2650F5769E9DEE36D6C74F /* Pods_QuickPersonalFinance.framework */,
				3D6E5EB2340ACB6A3F307F4E /* Pods_QuickPersonalFinance_QuickPersonalFinanceUITests.framework */,
				D810AC8D465F0F8128DC1DC8 /* Pods_QuickPersonalFinanceTests.framework */,
			);
			name = Frameworks;
			sourceTree = "<group>";
		};
		14F844722A3A7B4300289D5E /* Persistence */ = {
			isa = PBXGroup;
			children = (
				1468A1EB29ED86A6002E92B7 /* DataController.swift */,
				14428B0029F0333B00BC0246 /* PersistenceService.swift */,
				14428B0429F047A300BC0246 /* IncomePersistence.swift */,
				14DBC40829F1737600EFF244 /* ExpensePersistence.swift */,
				14F844762A3A7FE500289D5E /* CurrencyDataPersistence.swift */,
			);
			path = Persistence;
			sourceTree = "<group>";
		};
		14F844732A3A7B7000289D5E /* Support */ = {
			isa = PBXGroup;
			children = (
				145F124F29FAA63C009853A8 /* SettingsService.swift */,
				1491DE5A2A5216D60020D172 /* UserDataService.swift */,
			);
			path = Support;
			sourceTree = "<group>";
		};
		14F844742A3A7B7B00289D5E /* External */ = {
			isa = PBXGroup;
			children = (
				14F844702A3A232C00289D5E /* ExternalCurrencyService.swift */,
			);
			path = External;
			sourceTree = "<group>";
		};
		14F844752A3A7B8700289D5E /* Core */ = {
			isa = PBXGroup;
			children = (
				149ABEEC29BA29BD0088CE94 /* CalculationService.swift */,
				148745232A4C5FA500CC91DB /* CalculationService+Currency.swift */,
			);
			path = Core;
			sourceTree = "<group>";
		};
		BD11230CE8E560E5A60884E5 /* Pods */ = {
			isa = PBXGroup;
			children = (
				9C8C0A87BC22EA4CB16A3954 /* Pods-QuickPersonalFinance.debug.xcconfig */,
				624771618EBC44824AD932F6 /* Pods-QuickPersonalFinance.release.xcconfig */,
				1565BE1247BB531CCE88D060 /* Pods-QuickPersonalFinance-QuickPersonalFinanceUITests.debug.xcconfig */,
				84A3E5DB8A61EAEE6DC3759F /* Pods-QuickPersonalFinance-QuickPersonalFinanceUITests.release.xcconfig */,
				39B2EF9BB0B118A869036E6A /* Pods-QuickPersonalFinanceTests.debug.xcconfig */,
				D9375EF3ADE16A1100873966 /* Pods-QuickPersonalFinanceTests.release.xcconfig */,
			);
			path = Pods;
			sourceTree = "<group>";
		};
/* End PBXGroup section */

/* Begin PBXNativeTarget section */
		149ABEBC29BA282B0088CE94 /* QuickPersonalFinance */ = {
			isa = PBXNativeTarget;
			buildConfigurationList = 149ABEE129BA28320088CE94 /* Build configuration list for PBXNativeTarget "QuickPersonalFinance" */;
			buildPhases = (
				AAAF9B777F018237743B2DE9 /* [CP] Check Pods Manifest.lock */,
				149ABEB929BA282B0088CE94 /* Sources */,
				149ABEBA29BA282B0088CE94 /* Frameworks */,
				149ABEBB29BA282B0088CE94 /* Resources */,
				144E49152A0ACBDD008BAA5E /* Crashlytics */,
				F3D8580C20ABD46A7AB9637F /* [CP] Embed Pods Frameworks */,
				1492FD832A3FDDD500420E2C /* SwiftLint */,
			);
			buildRules = (
			);
			dependencies = (
				1439F8C029FFFCDA00544883 /* PBXTargetDependency */,
			);
			name = QuickPersonalFinance;
			productName = QuickPersonalFinance;
			productReference = 149ABEBD29BA282B0088CE94 /* QuickPersonalFinance.app */;
			productType = "com.apple.product-type.application";
		};
		149ABECC29BA28310088CE94 /* QuickPersonalFinanceTests */ = {
			isa = PBXNativeTarget;
			buildConfigurationList = 149ABEE429BA28320088CE94 /* Build configuration list for PBXNativeTarget "QuickPersonalFinanceTests" */;
			buildPhases = (
				9FDDB385E9ECE030D3B6BF8C /* [CP] Check Pods Manifest.lock */,
				149ABEC929BA28310088CE94 /* Sources */,
				149ABECA29BA28310088CE94 /* Frameworks */,
				149ABECB29BA28310088CE94 /* Resources */,
			);
			buildRules = (
			);
			dependencies = (
				149ABECF29BA28310088CE94 /* PBXTargetDependency */,
			);
			name = QuickPersonalFinanceTests;
			productName = QuickPersonalFinanceTests;
			productReference = 149ABECD29BA28310088CE94 /* QuickPersonalFinanceTests.xctest */;
			productType = "com.apple.product-type.bundle.unit-test";
		};
		149ABED629BA28320088CE94 /* QuickPersonalFinanceUITests */ = {
			isa = PBXNativeTarget;
			buildConfigurationList = 149ABEE729BA28320088CE94 /* Build configuration list for PBXNativeTarget "QuickPersonalFinanceUITests" */;
			buildPhases = (
				FA11DA408F51C6A8EEF7E243 /* [CP] Check Pods Manifest.lock */,
				149ABED329BA28320088CE94 /* Sources */,
				149ABED429BA28320088CE94 /* Frameworks */,
				149ABED529BA28320088CE94 /* Resources */,
				DE9242AA8734C2A822D19521 /* [CP] Embed Pods Frameworks */,
			);
			buildRules = (
			);
			dependencies = (
				149ABED929BA28320088CE94 /* PBXTargetDependency */,
			);
			name = QuickPersonalFinanceUITests;
			productName = QuickPersonalFinanceUITests;
			productReference = 149ABED729BA28320088CE94 /* QuickPersonalFinanceUITests.xctest */;
			productType = "com.apple.product-type.bundle.ui-testing";
		};
/* End PBXNativeTarget section */

/* Begin PBXProject section */
		149ABEB529BA282B0088CE94 /* Project object */ = {
			isa = PBXProject;
			attributes = {
				BuildIndependentTargetsInParallel = 1;
				LastSwiftUpdateCheck = 1420;
				LastUpgradeCheck = 1420;
				TargetAttributes = {
					149ABEBC29BA282B0088CE94 = {
						CreatedOnToolsVersion = 14.2;
					};
					149ABECC29BA28310088CE94 = {
						CreatedOnToolsVersion = 14.2;
						TestTargetID = 149ABEBC29BA282B0088CE94;
					};
					149ABED629BA28320088CE94 = {
						CreatedOnToolsVersion = 14.2;
						TestTargetID = 149ABEBC29BA282B0088CE94;
					};
				};
			};
			buildConfigurationList = 149ABEB829BA282B0088CE94 /* Build configuration list for PBXProject "QuickPersonalFinance" */;
			compatibilityVersion = "Xcode 14.0";
			developmentRegion = en;
			hasScannedForEncodings = 0;
			knownRegions = (
				en,
				Base,
				"es-419",
			);
			mainGroup = 149ABEB429BA282B0088CE94;
			productRefGroup = 149ABEBE29BA282B0088CE94 /* Products */;
			projectDirPath = "";
			projectRoot = "";
			targets = (
				149ABEBC29BA282B0088CE94 /* QuickPersonalFinance */,
				149ABECC29BA28310088CE94 /* QuickPersonalFinanceTests */,
				149ABED629BA28320088CE94 /* QuickPersonalFinanceUITests */,
			);
		};
/* End PBXProject section */

/* Begin PBXResourcesBuildPhase section */
		149ABEBB29BA282B0088CE94 /* Resources */ = {
			isa = PBXResourcesBuildPhase;
			buildActionMask = 2147483647;
			files = (
				149DEECA29E86B7000155BF6 /* WorkSans-Medium.ttf in Resources */,
				149ABEC829BA28310088CE94 /* Preview Assets.xcassets in Resources */,
				144E4E5829F421A400EEDC9B /* Launch Screen.storyboard in Resources */,
				149DEECE29E86B7000155BF6 /* WorkSans-Italic.ttf in Resources */,
				144E4E5C29F4693A00EEDC9B /* Localizable.strings in Resources */,
				148D915A2A38C4CF005E6F38 /* example.json in Resources */,
				149ABEC529BA28310088CE94 /* Assets.xcassets in Resources */,
				149DEEC229E86B7000155BF6 /* WorkSans-Light.ttf in Resources */,
				144E490D2A0A9FF7008BAA5E /* GoogleService-Info.plist in Resources */,
				149DEED229E86B7000155BF6 /* WorkSans-Regular.ttf in Resources */,
				149DEEEB29E8BB7600155BF6 /* Manrope-Regular.ttf in Resources */,
			);
			runOnlyForDeploymentPostprocessing = 0;
		};
		149ABECB29BA28310088CE94 /* Resources */ = {
			isa = PBXResourcesBuildPhase;
			buildActionMask = 2147483647;
			files = (
			);
			runOnlyForDeploymentPostprocessing = 0;
		};
		149ABED529BA28320088CE94 /* Resources */ = {
			isa = PBXResourcesBuildPhase;
			buildActionMask = 2147483647;
			files = (
				147E8E4E2A27EDED001CBBF3 /* Localizable.strings in Resources */,
			);
			runOnlyForDeploymentPostprocessing = 0;
		};
/* End PBXResourcesBuildPhase section */

/* Begin PBXShellScriptBuildPhase section */
		144E49152A0ACBDD008BAA5E /* Crashlytics */ = {
			isa = PBXShellScriptBuildPhase;
			buildActionMask = 2147483647;
			files = (
			);
			inputFileListPaths = (
			);
			inputPaths = (
				"${DWARF_DSYM_FOLDER_PATH}/${DWARF_DSYM_FILE_NAME}/Contents/Resources/DWARF/${TARGET_NAME}",
				"$(SRCROOT)/$(BUILT_PRODUCTS_DIR)/$(INFOPLIST_PATH)",
			);
			name = Crashlytics;
			outputFileListPaths = (
			);
			outputPaths = (
			);
			runOnlyForDeploymentPostprocessing = 0;
			shellPath = /bin/sh;
			shellScript = "# Type a script or drag a script file from your workspace to insert its path.\n\"${PODS_ROOT}/FirebaseCrashlytics/run\"\n";
		};
		1492FD832A3FDDD500420E2C /* SwiftLint */ = {
			isa = PBXShellScriptBuildPhase;
			buildActionMask = 2147483647;
			files = (
			);
			inputFileListPaths = (
			);
			inputPaths = (
			);
			name = SwiftLint;
			outputFileListPaths = (
			);
			outputPaths = (
			);
			runOnlyForDeploymentPostprocessing = 0;
			shellPath = /bin/sh;
			shellScript = "\"${PODS_ROOT}/SwiftLint/swiftlint\"\n";
		};
		9FDDB385E9ECE030D3B6BF8C /* [CP] Check Pods Manifest.lock */ = {
			isa = PBXShellScriptBuildPhase;
			buildActionMask = 2147483647;
			files = (
			);
			inputFileListPaths = (
			);
			inputPaths = (
				"${PODS_PODFILE_DIR_PATH}/Podfile.lock",
				"${PODS_ROOT}/Manifest.lock",
			);
			name = "[CP] Check Pods Manifest.lock";
			outputFileListPaths = (
			);
			outputPaths = (
				"$(DERIVED_FILE_DIR)/Pods-QuickPersonalFinanceTests-checkManifestLockResult.txt",
			);
			runOnlyForDeploymentPostprocessing = 0;
			shellPath = /bin/sh;
			shellScript = "diff \"${PODS_PODFILE_DIR_PATH}/Podfile.lock\" \"${PODS_ROOT}/Manifest.lock\" > /dev/null\nif [ $? != 0 ] ; then\n    # print error to STDERR\n    echo \"error: The sandbox is not in sync with the Podfile.lock. Run 'pod install' or update your CocoaPods installation.\" >&2\n    exit 1\nfi\n# This output is used by Xcode 'outputs' to avoid re-running this script phase.\necho \"SUCCESS\" > \"${SCRIPT_OUTPUT_FILE_0}\"\n";
			showEnvVarsInLog = 0;
		};
		AAAF9B777F018237743B2DE9 /* [CP] Check Pods Manifest.lock */ = {
			isa = PBXShellScriptBuildPhase;
			buildActionMask = 2147483647;
			files = (
			);
			inputFileListPaths = (
			);
			inputPaths = (
				"${PODS_PODFILE_DIR_PATH}/Podfile.lock",
				"${PODS_ROOT}/Manifest.lock",
			);
			name = "[CP] Check Pods Manifest.lock";
			outputFileListPaths = (
			);
			outputPaths = (
				"$(DERIVED_FILE_DIR)/Pods-QuickPersonalFinance-checkManifestLockResult.txt",
			);
			runOnlyForDeploymentPostprocessing = 0;
			shellPath = /bin/sh;
			shellScript = "diff \"${PODS_PODFILE_DIR_PATH}/Podfile.lock\" \"${PODS_ROOT}/Manifest.lock\" > /dev/null\nif [ $? != 0 ] ; then\n    # print error to STDERR\n    echo \"error: The sandbox is not in sync with the Podfile.lock. Run 'pod install' or update your CocoaPods installation.\" >&2\n    exit 1\nfi\n# This output is used by Xcode 'outputs' to avoid re-running this script phase.\necho \"SUCCESS\" > \"${SCRIPT_OUTPUT_FILE_0}\"\n";
			showEnvVarsInLog = 0;
		};
		DE9242AA8734C2A822D19521 /* [CP] Embed Pods Frameworks */ = {
			isa = PBXShellScriptBuildPhase;
			buildActionMask = 2147483647;
			files = (
			);
			inputFileListPaths = (
				"${PODS_ROOT}/Target Support Files/Pods-QuickPersonalFinance-QuickPersonalFinanceUITests/Pods-QuickPersonalFinance-QuickPersonalFinanceUITests-frameworks-${CONFIGURATION}-input-files.xcfilelist",
			);
			name = "[CP] Embed Pods Frameworks";
			outputFileListPaths = (
				"${PODS_ROOT}/Target Support Files/Pods-QuickPersonalFinance-QuickPersonalFinanceUITests/Pods-QuickPersonalFinance-QuickPersonalFinanceUITests-frameworks-${CONFIGURATION}-output-files.xcfilelist",
			);
			runOnlyForDeploymentPostprocessing = 0;
			shellPath = /bin/sh;
			shellScript = "\"${PODS_ROOT}/Target Support Files/Pods-QuickPersonalFinance-QuickPersonalFinanceUITests/Pods-QuickPersonalFinance-QuickPersonalFinanceUITests-frameworks.sh\"\n";
			showEnvVarsInLog = 0;
		};
		F3D8580C20ABD46A7AB9637F /* [CP] Embed Pods Frameworks */ = {
			isa = PBXShellScriptBuildPhase;
			buildActionMask = 2147483647;
			files = (
			);
			inputFileListPaths = (
				"${PODS_ROOT}/Target Support Files/Pods-QuickPersonalFinance/Pods-QuickPersonalFinance-frameworks-${CONFIGURATION}-input-files.xcfilelist",
			);
			name = "[CP] Embed Pods Frameworks";
			outputFileListPaths = (
				"${PODS_ROOT}/Target Support Files/Pods-QuickPersonalFinance/Pods-QuickPersonalFinance-frameworks-${CONFIGURATION}-output-files.xcfilelist",
			);
			runOnlyForDeploymentPostprocessing = 0;
			shellPath = /bin/sh;
			shellScript = "\"${PODS_ROOT}/Target Support Files/Pods-QuickPersonalFinance/Pods-QuickPersonalFinance-frameworks.sh\"\n";
			showEnvVarsInLog = 0;
		};
		FA11DA408F51C6A8EEF7E243 /* [CP] Check Pods Manifest.lock */ = {
			isa = PBXShellScriptBuildPhase;
			buildActionMask = 2147483647;
			files = (
			);
			inputFileListPaths = (
			);
			inputPaths = (
				"${PODS_PODFILE_DIR_PATH}/Podfile.lock",
				"${PODS_ROOT}/Manifest.lock",
			);
			name = "[CP] Check Pods Manifest.lock";
			outputFileListPaths = (
			);
			outputPaths = (
				"$(DERIVED_FILE_DIR)/Pods-QuickPersonalFinance-QuickPersonalFinanceUITests-checkManifestLockResult.txt",
			);
			runOnlyForDeploymentPostprocessing = 0;
			shellPath = /bin/sh;
			shellScript = "diff \"${PODS_PODFILE_DIR_PATH}/Podfile.lock\" \"${PODS_ROOT}/Manifest.lock\" > /dev/null\nif [ $? != 0 ] ; then\n    # print error to STDERR\n    echo \"error: The sandbox is not in sync with the Podfile.lock. Run 'pod install' or update your CocoaPods installation.\" >&2\n    exit 1\nfi\n# This output is used by Xcode 'outputs' to avoid re-running this script phase.\necho \"SUCCESS\" > \"${SCRIPT_OUTPUT_FILE_0}\"\n";
			showEnvVarsInLog = 0;
		};
/* End PBXShellScriptBuildPhase section */

/* Begin PBXSourcesBuildPhase section */
		149ABEB929BA282B0088CE94 /* Sources */ = {
			isa = PBXSourcesBuildPhase;
			buildActionMask = 2147483647;
			files = (
				145F124E29FAA505009853A8 /* SettingsActionViewModel.swift in Sources */,
				14A16A1229BBCFB000B69FD7 /* Expense.swift in Sources */,
				14BE31242A097CFC000A735C /* EmptyContentView.swift in Sources */,
				14AF8EAC2A55BD5200B287FE /* SourceRowView.swift in Sources */,
				149ABEC329BA282B0088CE94 /* ContentView.swift in Sources */,
				14153FD529E8516E00C90D13 /* ScreenTitle.swift in Sources */,
				14783A0929E8350100BBE10F /* CTAButton.swift in Sources */,
				14F8446F2A3A1D5300289D5E /* Currency.swift in Sources */,
				1439A0DB29E4376A00197112 /* EstimateViewModel.swift in Sources */,
				1491DE5B2A5216D60020D172 /* UserDataService.swift in Sources */,
				149ABEED29BA29BD0088CE94 /* CalculationService.swift in Sources */,
				1491DE5F2A5301030020D172 /* CurrencyRefresh.swift in Sources */,
				14A867CA2A0FDE3C00F42D37 /* ExportPDFView+Report.swift in Sources */,
				144DB7BA29EEFEEB00DF3585 /* Array+Difference.swift in Sources */,
				14DBC40929F1737600EFF244 /* ExpensePersistence.swift in Sources */,
				1403933429CA034F00049CCB /* ValidationProtocol.swift in Sources */,
				14A0DBC42A51159D00E35602 /* StandardError.swift in Sources */,
				141A5B1B29DF1025003DB4A2 /* CustomTextField.swift in Sources */,
				149DEEEF29E8BD1000155BF6 /* Font+App.swift in Sources */,
				14A16A1E29C0C69A00B69FD7 /* ModalViewUpperBar.swift in Sources */,
				1439A0DD29E460E200197112 /* Double+Currency.swift in Sources */,
				14DBC40B29F1D77300EFF244 /* ContentViewModel.swift in Sources */,
				14B4394029E4E53A005E31A9 /* UIColor+Hex.swift in Sources */,
				14C4D3BC2A3DE8AD00733A69 /* Serializer.swift in Sources */,
				14A16A0E29BA80AC00B69FD7 /* ExpenseActionView.swift in Sources */,
				148745242A4C5FA500CC91DB /* CalculationService+Currency.swift in Sources */,
				145F125029FAA63C009853A8 /* SettingsService.swift in Sources */,
				144DB7B729EEDBE100DF3585 /* ExpensesViewModel.swift in Sources */,
				1403933129C9DF1600049CCB /* OutlinedTextFieldStyle.swift in Sources */,
				146F6A5129E0E7CA0087F514 /* ExpenseActionViewModel.swift in Sources */,
				144E49142A0AA601008BAA5E /* AppDelegate.swift in Sources */,
				1468A1EE29ED8C70002E92B7 /* Model+Persistence.swift in Sources */,
				14428B0529F047A300BC0246 /* IncomePersistence.swift in Sources */,
				14A16A1029BBCFA500B69FD7 /* Income.swift in Sources */,
				145F124C29FAA4EB009853A8 /* SettingsActionView.swift in Sources */,
				14A17D612A4CD0DA0014E99B /* Double+Round.swift in Sources */,
				14B4393E29E4E4DD005E31A9 /* Color+Palette.swift in Sources */,
				1491DE5D2A52FFD40020D172 /* CurrencyConversionController.swift in Sources */,
				14B4393C29E4CC8E005E31A9 /* MockData.swift in Sources */,
				14F533192A113FC8002772CC /* Font+Report.swift in Sources */,
				149ABEC129BA282B0088CE94 /* QuickPersonalFinanceApp.swift in Sources */,
				14A16A0629BA6FCF00B69FD7 /* ExpensesView.swift in Sources */,
				14BE31212A097CBB000A735C /* IncomeActionView.swift in Sources */,
				146F6A5329E0F6DE0087F514 /* Validations.swift in Sources */,
				14BE31222A097CBB000A735C /* IncomeActionViewModel.swift in Sources */,
				14428B0129F0333B00BC0246 /* PersistenceService.swift in Sources */,
				142BA18729ECE25A005F4610 /* QuickPersonalFinance.xcdatamodeld in Sources */,
				14F844712A3A232C00289D5E /* ExternalCurrencyService.swift in Sources */,
				140987922A1824B400461A4B /* ConvertedEstimateViewModel.swift in Sources */,
				14A16A0829BA6FED00B69FD7 /* EstimateView.swift in Sources */,
				14A169FE29BA456D00B69FD7 /* FinanceData.swift in Sources */,
				140987902A18225000461A4B /* ConvertedEstimateView.swift in Sources */,
				1468A1EC29ED86A6002E92B7 /* DataController.swift in Sources */,
				14A16A1829BE408D00B69FD7 /* Source.swift in Sources */,
				14A16A1629BBD27C00B69FD7 /* Recurrence.swift in Sources */,
				144DB7B529EED77F00DF3585 /* IncomesViewModel.swift in Sources */,
				14EAC6152A216D9E0048B1B4 /* LaunchArguments.swift in Sources */,
				14FDF0282A0BA2C700EA40CB /* ExportPDFView.swift in Sources */,
				149ABEF129BA304E0088CE94 /* Constants.swift in Sources */,
				14A16A0429BA6FB700B69FD7 /* IncomesView.swift in Sources */,
				148D915D2A38C55F005E6F38 /* MockingHelper.swift in Sources */,
				144E4E6029F472C200EEDC9B /* String+Localization.swift in Sources */,
				14DD43432A0E9E7F007E75B7 /* PDFDocument+AddPage.swift in Sources */,
				1453E7EC29F6BD8B0000663B /* MockData+Persistence.swift in Sources */,
				14F844772A3A7FE500289D5E /* CurrencyDataPersistence.swift in Sources */,
			);
			runOnlyForDeploymentPostprocessing = 0;
		};
		149ABEC929BA28310088CE94 /* Sources */ = {
			isa = PBXSourcesBuildPhase;
			buildActionMask = 2147483647;
			files = (
				149ABED229BA28310088CE94 /* QuickPersonalFinanceTests.swift in Sources */,
			);
			runOnlyForDeploymentPostprocessing = 0;
		};
		149ABED329BA28320088CE94 /* Sources */ = {
			isa = PBXSourcesBuildPhase;
			buildActionMask = 2147483647;
			files = (
				149ABEDC29BA28320088CE94 /* QuickPersonalFinanceUITests.swift in Sources */,
				149ABEDE29BA28320088CE94 /* QuickPersonalFinanceUITestsLaunchTests.swift in Sources */,
				144C6C3A2A27A6EA00A15D8C /* SnapshotHelper.swift in Sources */,
			);
			runOnlyForDeploymentPostprocessing = 0;
		};
/* End PBXSourcesBuildPhase section */

/* Begin PBXTargetDependency section */
		1439F8C029FFFCDA00544883 /* PBXTargetDependency */ = {
			isa = PBXTargetDependency;
			productRef = 1439F8BF29FFFCDA00544883 /* SwiftLint */;
		};
		149ABECF29BA28310088CE94 /* PBXTargetDependency */ = {
			isa = PBXTargetDependency;
			target = 149ABEBC29BA282B0088CE94 /* QuickPersonalFinance */;
			targetProxy = 149ABECE29BA28310088CE94 /* PBXContainerItemProxy */;
		};
		149ABED929BA28320088CE94 /* PBXTargetDependency */ = {
			isa = PBXTargetDependency;
			target = 149ABEBC29BA282B0088CE94 /* QuickPersonalFinance */;
			targetProxy = 149ABED829BA28320088CE94 /* PBXContainerItemProxy */;
		};
/* End PBXTargetDependency section */

/* Begin PBXVariantGroup section */
		144E4E5E29F4693A00EEDC9B /* Localizable.strings */ = {
			isa = PBXVariantGroup;
			children = (
				144E4E5D29F4693A00EEDC9B /* en */,
				144E4E6129F4A2A200EEDC9B /* es-419 */,
			);
			name = Localizable.strings;
			sourceTree = "<group>";
		};
/* End PBXVariantGroup section */

/* Begin XCBuildConfiguration section */
		149ABEDF29BA28320088CE94 /* Debug */ = {
			isa = XCBuildConfiguration;
			buildSettings = {
				ALWAYS_SEARCH_USER_PATHS = NO;
				CLANG_ANALYZER_LOCALIZABILITY_NONLOCALIZED = YES;
				CLANG_ANALYZER_NONNULL = YES;
				CLANG_ANALYZER_NUMBER_OBJECT_CONVERSION = YES_AGGRESSIVE;
				CLANG_CXX_LANGUAGE_STANDARD = "gnu++20";
				CLANG_ENABLE_MODULES = YES;
				CLANG_ENABLE_OBJC_ARC = YES;
				CLANG_ENABLE_OBJC_WEAK = YES;
				CLANG_WARN_BLOCK_CAPTURE_AUTORELEASING = YES;
				CLANG_WARN_BOOL_CONVERSION = YES;
				CLANG_WARN_COMMA = YES;
				CLANG_WARN_CONSTANT_CONVERSION = YES;
				CLANG_WARN_DEPRECATED_OBJC_IMPLEMENTATIONS = YES;
				CLANG_WARN_DIRECT_OBJC_ISA_USAGE = YES_ERROR;
				CLANG_WARN_DOCUMENTATION_COMMENTS = YES;
				CLANG_WARN_EMPTY_BODY = YES;
				CLANG_WARN_ENUM_CONVERSION = YES;
				CLANG_WARN_INFINITE_RECURSION = YES;
				CLANG_WARN_INT_CONVERSION = YES;
				CLANG_WARN_NON_LITERAL_NULL_CONVERSION = YES;
				CLANG_WARN_OBJC_IMPLICIT_RETAIN_SELF = YES;
				CLANG_WARN_OBJC_LITERAL_CONVERSION = YES;
				CLANG_WARN_OBJC_ROOT_CLASS = YES_ERROR;
				CLANG_WARN_QUOTED_INCLUDE_IN_FRAMEWORK_HEADER = YES;
				CLANG_WARN_RANGE_LOOP_ANALYSIS = YES;
				CLANG_WARN_STRICT_PROTOTYPES = YES;
				CLANG_WARN_SUSPICIOUS_MOVE = YES;
				CLANG_WARN_UNGUARDED_AVAILABILITY = YES_AGGRESSIVE;
				CLANG_WARN_UNREACHABLE_CODE = YES;
				CLANG_WARN__DUPLICATE_METHOD_MATCH = YES;
				COPY_PHASE_STRIP = NO;
				CURRENT_PROJECT_VERSION = 6;
				DEBUG_INFORMATION_FORMAT = dwarf;
				ENABLE_STRICT_OBJC_MSGSEND = YES;
				ENABLE_TESTABILITY = YES;
				GCC_C_LANGUAGE_STANDARD = gnu11;
				GCC_DYNAMIC_NO_PIC = NO;
				GCC_NO_COMMON_BLOCKS = YES;
				GCC_OPTIMIZATION_LEVEL = 0;
				GCC_PREPROCESSOR_DEFINITIONS = (
					"DEBUG=1",
					"$(inherited)",
				);
				GCC_WARN_64_TO_32_BIT_CONVERSION = YES;
				GCC_WARN_ABOUT_RETURN_TYPE = YES_ERROR;
				GCC_WARN_UNDECLARED_SELECTOR = YES;
				GCC_WARN_UNINITIALIZED_AUTOS = YES_AGGRESSIVE;
				GCC_WARN_UNUSED_FUNCTION = YES;
				GCC_WARN_UNUSED_VARIABLE = YES;
				IPHONEOS_DEPLOYMENT_TARGET = 16.2;
				MTL_ENABLE_DEBUG_INFO = INCLUDE_SOURCE;
				MTL_FAST_MATH = YES;
				ONLY_ACTIVE_ARCH = YES;
				SDKROOT = iphoneos;
				SWIFT_ACTIVE_COMPILATION_CONDITIONS = DEBUG;
				SWIFT_OPTIMIZATION_LEVEL = "-Onone";
				VERSIONING_SYSTEM = "apple-generic";
			};
			name = Debug;
		};
		149ABEE029BA28320088CE94 /* Release */ = {
			isa = XCBuildConfiguration;
			buildSettings = {
				ALWAYS_SEARCH_USER_PATHS = NO;
				CLANG_ANALYZER_LOCALIZABILITY_NONLOCALIZED = YES;
				CLANG_ANALYZER_NONNULL = YES;
				CLANG_ANALYZER_NUMBER_OBJECT_CONVERSION = YES_AGGRESSIVE;
				CLANG_CXX_LANGUAGE_STANDARD = "gnu++20";
				CLANG_ENABLE_MODULES = YES;
				CLANG_ENABLE_OBJC_ARC = YES;
				CLANG_ENABLE_OBJC_WEAK = YES;
				CLANG_WARN_BLOCK_CAPTURE_AUTORELEASING = YES;
				CLANG_WARN_BOOL_CONVERSION = YES;
				CLANG_WARN_COMMA = YES;
				CLANG_WARN_CONSTANT_CONVERSION = YES;
				CLANG_WARN_DEPRECATED_OBJC_IMPLEMENTATIONS = YES;
				CLANG_WARN_DIRECT_OBJC_ISA_USAGE = YES_ERROR;
				CLANG_WARN_DOCUMENTATION_COMMENTS = YES;
				CLANG_WARN_EMPTY_BODY = YES;
				CLANG_WARN_ENUM_CONVERSION = YES;
				CLANG_WARN_INFINITE_RECURSION = YES;
				CLANG_WARN_INT_CONVERSION = YES;
				CLANG_WARN_NON_LITERAL_NULL_CONVERSION = YES;
				CLANG_WARN_OBJC_IMPLICIT_RETAIN_SELF = YES;
				CLANG_WARN_OBJC_LITERAL_CONVERSION = YES;
				CLANG_WARN_OBJC_ROOT_CLASS = YES_ERROR;
				CLANG_WARN_QUOTED_INCLUDE_IN_FRAMEWORK_HEADER = YES;
				CLANG_WARN_RANGE_LOOP_ANALYSIS = YES;
				CLANG_WARN_STRICT_PROTOTYPES = YES;
				CLANG_WARN_SUSPICIOUS_MOVE = YES;
				CLANG_WARN_UNGUARDED_AVAILABILITY = YES_AGGRESSIVE;
				CLANG_WARN_UNREACHABLE_CODE = YES;
				CLANG_WARN__DUPLICATE_METHOD_MATCH = YES;
				COPY_PHASE_STRIP = NO;
				CURRENT_PROJECT_VERSION = 6;
				DEBUG_INFORMATION_FORMAT = "dwarf-with-dsym";
				ENABLE_NS_ASSERTIONS = NO;
				ENABLE_STRICT_OBJC_MSGSEND = YES;
				GCC_C_LANGUAGE_STANDARD = gnu11;
				GCC_NO_COMMON_BLOCKS = YES;
				GCC_WARN_64_TO_32_BIT_CONVERSION = YES;
				GCC_WARN_ABOUT_RETURN_TYPE = YES_ERROR;
				GCC_WARN_UNDECLARED_SELECTOR = YES;
				GCC_WARN_UNINITIALIZED_AUTOS = YES_AGGRESSIVE;
				GCC_WARN_UNUSED_FUNCTION = YES;
				GCC_WARN_UNUSED_VARIABLE = YES;
				IPHONEOS_DEPLOYMENT_TARGET = 16.2;
				MTL_ENABLE_DEBUG_INFO = NO;
				MTL_FAST_MATH = YES;
				SDKROOT = iphoneos;
				SWIFT_COMPILATION_MODE = wholemodule;
				SWIFT_OPTIMIZATION_LEVEL = "-O";
				VALIDATE_PRODUCT = YES;
				VERSIONING_SYSTEM = "apple-generic";
			};
			name = Release;
		};
		149ABEE229BA28320088CE94 /* Debug */ = {
			isa = XCBuildConfiguration;
			baseConfigurationReference = 9C8C0A87BC22EA4CB16A3954 /* Pods-QuickPersonalFinance.debug.xcconfig */;
			buildSettings = {
				ASSETCATALOG_COMPILER_APPICON_NAME = AppIcon;
				ASSETCATALOG_COMPILER_GLOBAL_ACCENT_COLOR_NAME = AccentColor;
				"CODE_SIGN_IDENTITY[sdk=iphoneos*]" = "iPhone Developer";
				CODE_SIGN_STYLE = Manual;
				CURRENT_PROJECT_VERSION = 6;
				DEBUG_INFORMATION_FORMAT = "dwarf-with-dsym";
				DEVELOPMENT_ASSET_PATHS = "\"QuickPersonalFinance/Preview Content\"";
				DEVELOPMENT_TEAM = "";
				"DEVELOPMENT_TEAM[sdk=iphoneos*]" = VPPD5B7Z67;
				ENABLE_PREVIEWS = YES;
				GENERATE_INFOPLIST_FILE = YES;
				INFOPLIST_FILE = QuickPersonalFinance/Info.plist;
				INFOPLIST_KEY_CFBundleDisplayName = "Quick Personal Finance";
				INFOPLIST_KEY_LSApplicationCategoryType = "public.app-category.finance";
				INFOPLIST_KEY_UIApplicationSupportsIndirectInputEvents = YES;
				INFOPLIST_KEY_UILaunchScreen_Generation = YES;
				INFOPLIST_KEY_UILaunchStoryboardName = "Launch Screen.storyboard";
				INFOPLIST_KEY_UISupportedInterfaceOrientations = UIInterfaceOrientationPortrait;
				INFOPLIST_KEY_UISupportedInterfaceOrientations_iPad = "UIInterfaceOrientationLandscapeLeft UIInterfaceOrientationLandscapeRight UIInterfaceOrientationPortrait UIInterfaceOrientationPortraitUpsideDown";
				LD_RUNPATH_SEARCH_PATHS = (
					"$(inherited)",
					"@executable_path/Frameworks",
				);
				MARKETING_VERSION = 0.1.1;
				PRODUCT_BUNDLE_IDENTIFIER = org.arbridev.QuickPersonalFinance;
				PRODUCT_NAME = "$(TARGET_NAME)";
				PROVISIONING_PROFILE_SPECIFIER = "";
				"PROVISIONING_PROFILE_SPECIFIER[sdk=iphoneos*]" = "match Development org.arbridev.QuickPersonalFinance";
				SWIFT_EMIT_LOC_STRINGS = YES;
				SWIFT_VERSION = 5.0;
				TARGETED_DEVICE_FAMILY = "1,2";
				VERSIONING_SYSTEM = "apple-generic";
			};
			name = Debug;
		};
		149ABEE329BA28320088CE94 /* Release */ = {
			isa = XCBuildConfiguration;
			baseConfigurationReference = 624771618EBC44824AD932F6 /* Pods-QuickPersonalFinance.release.xcconfig */;
			buildSettings = {
				ASSETCATALOG_COMPILER_APPICON_NAME = AppIcon;
				ASSETCATALOG_COMPILER_GLOBAL_ACCENT_COLOR_NAME = AccentColor;
				"CODE_SIGN_IDENTITY[sdk=iphoneos*]" = "iPhone Distribution";
				CODE_SIGN_STYLE = Manual;
				CURRENT_PROJECT_VERSION = 6;
				DEVELOPMENT_ASSET_PATHS = "\"QuickPersonalFinance/Preview Content\"";
				DEVELOPMENT_TEAM = "";
				"DEVELOPMENT_TEAM[sdk=iphoneos*]" = VPPD5B7Z67;
				ENABLE_PREVIEWS = YES;
				GENERATE_INFOPLIST_FILE = YES;
				INFOPLIST_FILE = QuickPersonalFinance/Info.plist;
				INFOPLIST_KEY_CFBundleDisplayName = "Quick Personal Finance";
				INFOPLIST_KEY_LSApplicationCategoryType = "public.app-category.finance";
				INFOPLIST_KEY_UIApplicationSupportsIndirectInputEvents = YES;
				INFOPLIST_KEY_UILaunchScreen_Generation = YES;
				INFOPLIST_KEY_UILaunchStoryboardName = "Launch Screen.storyboard";
				INFOPLIST_KEY_UISupportedInterfaceOrientations = UIInterfaceOrientationPortrait;
				INFOPLIST_KEY_UISupportedInterfaceOrientations_iPad = "UIInterfaceOrientationLandscapeLeft UIInterfaceOrientationLandscapeRight UIInterfaceOrientationPortrait UIInterfaceOrientationPortraitUpsideDown";
				LD_RUNPATH_SEARCH_PATHS = (
					"$(inherited)",
					"@executable_path/Frameworks",
				);
				MARKETING_VERSION = 0.1.1;
				PRODUCT_BUNDLE_IDENTIFIER = org.arbridev.QuickPersonalFinance;
				PRODUCT_NAME = "$(TARGET_NAME)";
				PROVISIONING_PROFILE_SPECIFIER = "";
				"PROVISIONING_PROFILE_SPECIFIER[sdk=iphoneos*]" = "match AppStore org.arbridev.QuickPersonalFinance";
				SWIFT_EMIT_LOC_STRINGS = YES;
				SWIFT_VERSION = 5.0;
				TARGETED_DEVICE_FAMILY = "1,2";
				VERSIONING_SYSTEM = "apple-generic";
			};
			name = Release;
		};
		149ABEE529BA28320088CE94 /* Debug */ = {
			isa = XCBuildConfiguration;
			baseConfigurationReference = 39B2EF9BB0B118A869036E6A /* Pods-QuickPersonalFinanceTests.debug.xcconfig */;
			buildSettings = {
				ALWAYS_EMBED_SWIFT_STANDARD_LIBRARIES = YES;
				BUNDLE_LOADER = "$(TEST_HOST)";
				CODE_SIGN_STYLE = Automatic;
				CURRENT_PROJECT_VERSION = 6;
				GENERATE_INFOPLIST_FILE = NO;
				INFOPLIST_FILE = QuickPersonalFinance/Info.plist;
				IPHONEOS_DEPLOYMENT_TARGET = 16.2;
				MARKETING_VERSION = 0.1.1;
				PRODUCT_BUNDLE_IDENTIFIER = org.arbridev.QuickPersonalFinanceTests;
				PRODUCT_NAME = "$(TARGET_NAME)";
				SWIFT_EMIT_LOC_STRINGS = NO;
				SWIFT_VERSION = 5.0;
				TARGETED_DEVICE_FAMILY = "1,2";
				TEST_HOST = "$(BUILT_PRODUCTS_DIR)/QuickPersonalFinance.app/$(BUNDLE_EXECUTABLE_FOLDER_PATH)/QuickPersonalFinance";
			};
			name = Debug;
		};
		149ABEE629BA28320088CE94 /* Release */ = {
			isa = XCBuildConfiguration;
			baseConfigurationReference = D9375EF3ADE16A1100873966 /* Pods-QuickPersonalFinanceTests.release.xcconfig */;
			buildSettings = {
				ALWAYS_EMBED_SWIFT_STANDARD_LIBRARIES = YES;
				BUNDLE_LOADER = "$(TEST_HOST)";
				CODE_SIGN_STYLE = Automatic;
				CURRENT_PROJECT_VERSION = 6;
				GENERATE_INFOPLIST_FILE = NO;
				INFOPLIST_FILE = QuickPersonalFinance/Info.plist;
				IPHONEOS_DEPLOYMENT_TARGET = 16.2;
				MARKETING_VERSION = 0.1.1;
				PRODUCT_BUNDLE_IDENTIFIER = org.arbridev.QuickPersonalFinanceTests;
				PRODUCT_NAME = "$(TARGET_NAME)";
				SWIFT_EMIT_LOC_STRINGS = NO;
				SWIFT_VERSION = 5.0;
				TARGETED_DEVICE_FAMILY = "1,2";
				TEST_HOST = "$(BUILT_PRODUCTS_DIR)/QuickPersonalFinance.app/$(BUNDLE_EXECUTABLE_FOLDER_PATH)/QuickPersonalFinance";
			};
			name = Release;
		};
		149ABEE829BA28320088CE94 /* Debug */ = {
			isa = XCBuildConfiguration;
			baseConfigurationReference = 1565BE1247BB531CCE88D060 /* Pods-QuickPersonalFinance-QuickPersonalFinanceUITests.debug.xcconfig */;
			buildSettings = {
				ALWAYS_EMBED_SWIFT_STANDARD_LIBRARIES = YES;
				CODE_SIGN_STYLE = Automatic;
				CURRENT_PROJECT_VERSION = 6;
				GENERATE_INFOPLIST_FILE = NO;
				INFOPLIST_FILE = QuickPersonalFinance/Info.plist;
				MARKETING_VERSION = 0.1.1;
				PRODUCT_BUNDLE_IDENTIFIER = org.arbridev.QuickPersonalFinanceUITests;
				PRODUCT_NAME = "$(TARGET_NAME)";
				PROVISIONING_PROFILE = "";
				SWIFT_EMIT_LOC_STRINGS = NO;
				SWIFT_VERSION = 5.0;
				TARGETED_DEVICE_FAMILY = "1,2";
				TEST_TARGET_NAME = QuickPersonalFinance;
			};
			name = Debug;
		};
		149ABEE929BA28320088CE94 /* Release */ = {
			isa = XCBuildConfiguration;
			baseConfigurationReference = 84A3E5DB8A61EAEE6DC3759F /* Pods-QuickPersonalFinance-QuickPersonalFinanceUITests.release.xcconfig */;
			buildSettings = {
				ALWAYS_EMBED_SWIFT_STANDARD_LIBRARIES = YES;
				CODE_SIGN_STYLE = Automatic;
				CURRENT_PROJECT_VERSION = 6;
				GENERATE_INFOPLIST_FILE = NO;
				INFOPLIST_FILE = QuickPersonalFinance/Info.plist;
				MARKETING_VERSION = 0.1.1;
				PRODUCT_BUNDLE_IDENTIFIER = org.arbridev.QuickPersonalFinanceUITests;
				PRODUCT_NAME = "$(TARGET_NAME)";
				PROVISIONING_PROFILE = "";
				SWIFT_EMIT_LOC_STRINGS = NO;
				SWIFT_VERSION = 5.0;
				TARGETED_DEVICE_FAMILY = "1,2";
				TEST_TARGET_NAME = QuickPersonalFinance;
			};
			name = Release;
		};
/* End XCBuildConfiguration section */

/* Begin XCConfigurationList section */
		149ABEB829BA282B0088CE94 /* Build configuration list for PBXProject "QuickPersonalFinance" */ = {
			isa = XCConfigurationList;
			buildConfigurations = (
				149ABEDF29BA28320088CE94 /* Debug */,
				149ABEE029BA28320088CE94 /* Release */,
			);
			defaultConfigurationIsVisible = 0;
			defaultConfigurationName = Release;
		};
		149ABEE129BA28320088CE94 /* Build configuration list for PBXNativeTarget "QuickPersonalFinance" */ = {
			isa = XCConfigurationList;
			buildConfigurations = (
				149ABEE229BA28320088CE94 /* Debug */,
				149ABEE329BA28320088CE94 /* Release */,
			);
			defaultConfigurationIsVisible = 0;
			defaultConfigurationName = Release;
		};
		149ABEE429BA28320088CE94 /* Build configuration list for PBXNativeTarget "QuickPersonalFinanceTests" */ = {
			isa = XCConfigurationList;
			buildConfigurations = (
				149ABEE529BA28320088CE94 /* Debug */,
				149ABEE629BA28320088CE94 /* Release */,
			);
			defaultConfigurationIsVisible = 0;
			defaultConfigurationName = Release;
		};
		149ABEE729BA28320088CE94 /* Build configuration list for PBXNativeTarget "QuickPersonalFinanceUITests" */ = {
			isa = XCConfigurationList;
			buildConfigurations = (
				149ABEE829BA28320088CE94 /* Debug */,
				149ABEE929BA28320088CE94 /* Release */,
			);
			defaultConfigurationIsVisible = 0;
			defaultConfigurationName = Release;
		};
/* End XCConfigurationList section */

/* Begin XCRemoteSwiftPackageReference section */
		1439F8BE29FFFCD100544883 /* XCRemoteSwiftPackageReference "SwiftLintPlugin" */ = {
			isa = XCRemoteSwiftPackageReference;
			repositoryURL = "https://github.com/alandeguz/SwiftLintPlugin";
			requirement = {
				branch = main;
				kind = branch;
			};
		};
/* End XCRemoteSwiftPackageReference section */

/* Begin XCSwiftPackageProductDependency section */
		1439F8BF29FFFCDA00544883 /* SwiftLint */ = {
			isa = XCSwiftPackageProductDependency;
			package = 1439F8BE29FFFCD100544883 /* XCRemoteSwiftPackageReference "SwiftLintPlugin" */;
			productName = "plugin:SwiftLint";
		};
/* End XCSwiftPackageProductDependency section */

/* Begin XCVersionGroup section */
		142BA18529ECE25A005F4610 /* QuickPersonalFinance.xcdatamodeld */ = {
			isa = XCVersionGroup;
			children = (
				142BA18629ECE25A005F4610 /* QuickPersonalFinance.xcdatamodel */,
			);
			currentVersion = 142BA18629ECE25A005F4610 /* QuickPersonalFinance.xcdatamodel */;
			path = QuickPersonalFinance.xcdatamodeld;
			sourceTree = "<group>";
			versionGroupType = wrapper.xcdatamodel;
		};
/* End XCVersionGroup section */
	};
	rootObject = 149ABEB529BA282B0088CE94 /* Project object */;
}
